// !$*UTF8*$!
{
	archiveVersion = 1;
	classes = {
	};
	objectVersion = 55;
	objects = {

/* Begin PBXBuildFile section */
		A704BA1A29B37CFD009AADC6 /* FavouriteAdsViewController.swift in Sources */ = {isa = PBXBuildFile; fileRef = A704BA1929B37CFD009AADC6 /* FavouriteAdsViewController.swift */; };
		A704BA1D29B38C97009AADC6 /* CoreDataModel.xcdatamodeld in Sources */ = {isa = PBXBuildFile; fileRef = A704BA1B29B38C97009AADC6 /* CoreDataModel.xcdatamodeld */; };
		A704BA1F29B38F12009AADC6 /* CoreDataService.swift in Sources */ = {isa = PBXBuildFile; fileRef = A704BA1E29B38F12009AADC6 /* CoreDataService.swift */; };
		A72D06FA2950B78700BC88A7 /* ProfileCustomButton.swift in Sources */ = {isa = PBXBuildFile; fileRef = A72D06F92950B78700BC88A7 /* ProfileCustomButton.swift */; };
		A72D06FD2950FEC500BC88A7 /* ChangePasswordViewController.swift in Sources */ = {isa = PBXBuildFile; fileRef = A72D06FC2950FEC400BC88A7 /* ChangePasswordViewController.swift */; };
		A72D06FF295110EC00BC88A7 /* UIImage + withInset.swift in Sources */ = {isa = PBXBuildFile; fileRef = A72D06FE295110EC00BC88A7 /* UIImage + withInset.swift */; };
		A72D0701295127E400BC88A7 /* EditProfileViewController.swift in Sources */ = {isa = PBXBuildFile; fileRef = A72D0700295127E400BC88A7 /* EditProfileViewController.swift */; };
		A731ECFE29C752FF00916ACE /* CustomFloatingPanelLayout.swift in Sources */ = {isa = PBXBuildFile; fileRef = A731ECFD29C752FF00916ACE /* CustomFloatingPanelLayout.swift */; };
		A731ED0129D1E67200916ACE /* ChatService.swift in Sources */ = {isa = PBXBuildFile; fileRef = A731ED0029D1E67200916ACE /* ChatService.swift */; };
		A731ED0329D1FB8C00916ACE /* GoogleService-Info.plist in Resources */ = {isa = PBXBuildFile; fileRef = A731ED0229D1FB8C00916ACE /* GoogleService-Info.plist */; };
		A731ED0629D2099900916ACE /* Realm in Frameworks */ = {isa = PBXBuildFile; productRef = A731ED0529D2099900916ACE /* Realm */; };
		A731ED0829D2099900916ACE /* RealmSwift in Frameworks */ = {isa = PBXBuildFile; productRef = A731ED0729D2099900916ACE /* RealmSwift */; };
		A731ED0B29D20B8F00916ACE /* JGProgressHUD in Frameworks */ = {isa = PBXBuildFile; productRef = A731ED0A29D20B8F00916ACE /* JGProgressHUD */; };
		A731ED0E29D20D3800916ACE /* MessageKit in Frameworks */ = {isa = PBXBuildFile; productRef = A731ED0D29D20D3800916ACE /* MessageKit */; };
		A731ED1029D2208400916ACE /* ChatViewController.swift in Sources */ = {isa = PBXBuildFile; fileRef = A731ED0F29D2208300916ACE /* ChatViewController.swift */; };
		A73474EB28F0878600D2F755 /* LoginViewController.swift in Sources */ = {isa = PBXBuildFile; fileRef = A73474EA28F0878600D2F755 /* LoginViewController.swift */; };
		A73474F028F0888400D2F755 /* ThemeColors.swift in Sources */ = {isa = PBXBuildFile; fileRef = A73474EF28F0888400D2F755 /* ThemeColors.swift */; };
		A73474F328F088F400D2F755 /* UIColor + Hex.swift in Sources */ = {isa = PBXBuildFile; fileRef = A73474F228F088F400D2F755 /* UIColor + Hex.swift */; };
		A73474F528F0916B00D2F755 /* Textfield + Image.swift in Sources */ = {isa = PBXBuildFile; fileRef = A73474F428F0916A00D2F755 /* Textfield + Image.swift */; };
		A73474F928F097F100D2F755 /* Textfield + Underline.swift in Sources */ = {isa = PBXBuildFile; fileRef = A73474F828F097F100D2F755 /* Textfield + Underline.swift */; };
		A73474FB28F0BF8F00D2F755 /* AttributedColor + String.swift in Sources */ = {isa = PBXBuildFile; fileRef = A73474FA28F0BF8F00D2F755 /* AttributedColor + String.swift */; };
		A73474FE28F17BF100D2F755 /* RegisterViewController.swift in Sources */ = {isa = PBXBuildFile; fileRef = A73474FD28F17BF100D2F755 /* RegisterViewController.swift */; };
		A734750A28F37CD100D2F755 /* MainTabViewController.swift in Sources */ = {isa = PBXBuildFile; fileRef = A734750928F37CD100D2F755 /* MainTabViewController.swift */; };
		A734750C28F37D1E00D2F755 /* FeedViewController.swift in Sources */ = {isa = PBXBuildFile; fileRef = A734750B28F37D1E00D2F755 /* FeedViewController.swift */; };
		A734750E28F37D5C00D2F755 /* ConversationsViewController.swift in Sources */ = {isa = PBXBuildFile; fileRef = A734750D28F37D5C00D2F755 /* ConversationsViewController.swift */; };
		A734751028F37D7200D2F755 /* ProfileViewController.swift in Sources */ = {isa = PBXBuildFile; fileRef = A734750F28F37D7200D2F755 /* ProfileViewController.swift */; };
		A734751228F37D8300D2F755 /* MyFeedViewController.swift in Sources */ = {isa = PBXBuildFile; fileRef = A734751128F37D8300D2F755 /* MyFeedViewController.swift */; };
		A734751428F3803D00D2F755 /* UIView + Anchor.swift in Sources */ = {isa = PBXBuildFile; fileRef = A734751328F3803D00D2F755 /* UIView + Anchor.swift */; };
		A734751628F4260500D2F755 /* String + isValidEmail.swift in Sources */ = {isa = PBXBuildFile; fileRef = A734751528F4260500D2F755 /* String + isValidEmail.swift */; };
		A734751828F4944000D2F755 /* UIView + HideKeyboard.swift in Sources */ = {isa = PBXBuildFile; fileRef = A734751728F4944000D2F755 /* UIView + HideKeyboard.swift */; };
		A734751B28F8194E00D2F755 /* ResetPasswordViewController.swift in Sources */ = {isa = PBXBuildFile; fileRef = A734751A28F8194E00D2F755 /* ResetPasswordViewController.swift */; };
		A734751F28F8277F00D2F755 /* IQKeyboardManagerSwift in Frameworks */ = {isa = PBXBuildFile; productRef = A734751E28F8277F00D2F755 /* IQKeyboardManagerSwift */; };
		A734752328FAF27200D2F755 /* AuthService.swift in Sources */ = {isa = PBXBuildFile; fileRef = A734752228FAF27200D2F755 /* AuthService.swift */; };
		A734752528FEB2D300D2F755 /* UIImage + Url.swift in Sources */ = {isa = PBXBuildFile; fileRef = A734752428FEB2D200D2F755 /* UIImage + Url.swift */; };
		A734752729019C4B00D2F755 /* UserService.swift in Sources */ = {isa = PBXBuildFile; fileRef = A734752629019C4A00D2F755 /* UserService.swift */; };
		A73475292901A05600D2F755 /* User.swift in Sources */ = {isa = PBXBuildFile; fileRef = A73475282901A05600D2F755 /* User.swift */; };
		A734752D2901B2F700D2F755 /* SDWebImage in Frameworks */ = {isa = PBXBuildFile; productRef = A734752C2901B2F700D2F755 /* SDWebImage */; };
		A734753029040B1100D2F755 /* EstateTypeViewController.swift in Sources */ = {isa = PBXBuildFile; fileRef = A734752F29040B1100D2F755 /* EstateTypeViewController.swift */; };
		A73475362905ECD200D2F755 /* UITextView + setPlaceHolder.swift in Sources */ = {isa = PBXBuildFile; fileRef = A73475352905ECD100D2F755 /* UITextView + setPlaceHolder.swift */; };
		A73475382906D7B300D2F755 /* CityModel.swift in Sources */ = {isa = PBXBuildFile; fileRef = A73475372906D7B300D2F755 /* CityModel.swift */; };
		A734753A2906D8E000D2F755 /* data.json in Resources */ = {isa = PBXBuildFile; fileRef = A73475392906D8E000D2F755 /* data.json */; };
		A734753C2906DE4D00D2F755 /* DataLoader.swift in Sources */ = {isa = PBXBuildFile; fileRef = A734753B2906DE4D00D2F755 /* DataLoader.swift */; };
		A753DE8629BF60DE000ACF75 /* MapModeViewController.swift in Sources */ = {isa = PBXBuildFile; fileRef = A753DE8529BF60DE000ACF75 /* MapModeViewController.swift */; };
		A764CA5628EB1DDD00772AE7 /* FirebaseAuth in Frameworks */ = {isa = PBXBuildFile; productRef = A764CA5528EB1DDD00772AE7 /* FirebaseAuth */; };
		A764CA5828EB1DDD00772AE7 /* FirebaseDatabase in Frameworks */ = {isa = PBXBuildFile; productRef = A764CA5728EB1DDD00772AE7 /* FirebaseDatabase */; };
		A764CA5A28EB1DDD00772AE7 /* FirebaseFirestore in Frameworks */ = {isa = PBXBuildFile; productRef = A764CA5928EB1DDD00772AE7 /* FirebaseFirestore */; };
		A764CA5C28EB1DDD00772AE7 /* FirebaseFunctions in Frameworks */ = {isa = PBXBuildFile; productRef = A764CA5B28EB1DDD00772AE7 /* FirebaseFunctions */; };
		A764CA5E28EB1DDD00772AE7 /* FirebaseStorage in Frameworks */ = {isa = PBXBuildFile; productRef = A764CA5D28EB1DDD00772AE7 /* FirebaseStorage */; };
		A767A90229C50A39003CD62A /* FloatingPanel in Frameworks */ = {isa = PBXBuildFile; productRef = A767A90129C50A39003CD62A /* FloatingPanel */; };
		A76CBADA29DB0DC3001737E5 /* ConversationsTableViewCell.swift in Sources */ = {isa = PBXBuildFile; fileRef = A76CBAD929DB0DC2001737E5 /* ConversationsTableViewCell.swift */; };
		A76CBADC29DB25DD001737E5 /* AlertDisplayable.swift in Sources */ = {isa = PBXBuildFile; fileRef = A76CBADB29DB25DD001737E5 /* AlertDisplayable.swift */; };
		A77D1A8A290B06E400E7D510 /* AdService.swift in Sources */ = {isa = PBXBuildFile; fileRef = A77D1A89290B06E300E7D510 /* AdService.swift */; };
		A77D1A8C290C209100E7D510 /* ResidentialViewController.swift in Sources */ = {isa = PBXBuildFile; fileRef = A77D1A8B290C209100E7D510 /* ResidentialViewController.swift */; };
		A77D1A8F290C242500E7D510 /* LandViewController.swift in Sources */ = {isa = PBXBuildFile; fileRef = A77D1A8E290C242500E7D510 /* LandViewController.swift */; };
		A77D1A91290C245600E7D510 /* CommercialViewController.swift in Sources */ = {isa = PBXBuildFile; fileRef = A77D1A90290C245600E7D510 /* CommercialViewController.swift */; };
		A7848454290FDB870099C0F3 /* CoordinateViewController.swift in Sources */ = {isa = PBXBuildFile; fileRef = A7848453290FDB870099C0F3 /* CoordinateViewController.swift */; };
		A7848456290FE7350099C0F3 /* LocationManager.swift in Sources */ = {isa = PBXBuildFile; fileRef = A7848455290FE7350099C0F3 /* LocationManager.swift */; };
		A78757EE292BE38C00FE37A6 /* ResidentialFilterViewController.swift in Sources */ = {isa = PBXBuildFile; fileRef = A78757ED292BE38C00FE37A6 /* ResidentialFilterViewController.swift */; };
		A78757F0292BE39C00FE37A6 /* LandFilterViewController.swift in Sources */ = {isa = PBXBuildFile; fileRef = A78757EF292BE39C00FE37A6 /* LandFilterViewController.swift */; };
		A78757F2292BE3B000FE37A6 /* CommercialFilterViewController.swift in Sources */ = {isa = PBXBuildFile; fileRef = A78757F1292BE3B000FE37A6 /* CommercialFilterViewController.swift */; };
		A78757F4292C314E00FE37A6 /* Array + Row.swift in Sources */ = {isa = PBXBuildFile; fileRef = A78757F3292C314E00FE37A6 /* Array + Row.swift */; };
		A78757F7293D1F3500FE37A6 /* DetailsViewController.swift in Sources */ = {isa = PBXBuildFile; fileRef = A78757F6293D1F3500FE37A6 /* DetailsViewController.swift */; };
		A78757F9293DEB4B00FE37A6 /* DetailsTableViewCell.swift in Sources */ = {isa = PBXBuildFile; fileRef = A78757F8293DEB4B00FE37A6 /* DetailsTableViewCell.swift */; };
		A7875800293E39A900FE37A6 /* DetailsCollectionViewCell.swift in Sources */ = {isa = PBXBuildFile; fileRef = A78757FF293E39A900FE37A6 /* DetailsCollectionViewCell.swift */; };
		A7875802293E745C00FE37A6 /* CoordinateDetailsViewController.swift in Sources */ = {isa = PBXBuildFile; fileRef = A7875801293E745B00FE37A6 /* CoordinateDetailsViewController.swift */; };
		A7875804294651A600FE37A6 /* UIButton + addBlurEffect.swift in Sources */ = {isa = PBXBuildFile; fileRef = A7875803294651A600FE37A6 /* UIButton + addBlurEffect.swift */; };
		A78758072947762200FE37A6 /* ProfileTableViewCell.swift in Sources */ = {isa = PBXBuildFile; fileRef = A78758062947762200FE37A6 /* ProfileTableViewCell.swift */; };
		A787580929479D6600FE37A6 /* InspectProfileViewController.swift in Sources */ = {isa = PBXBuildFile; fileRef = A787580829479D6500FE37A6 /* InspectProfileViewController.swift */; };
		A78CFF2B292B7FAE003EAC78 /* FilterViewController.swift in Sources */ = {isa = PBXBuildFile; fileRef = A78CFF2A292B7FAE003EAC78 /* FilterViewController.swift */; };
		A78CFF2D292B8150003EAC78 /* FilteredResultViewController.swift in Sources */ = {isa = PBXBuildFile; fileRef = A78CFF2C292B8150003EAC78 /* FilteredResultViewController.swift */; };
		A792DEC629C51EB100B1F1E7 /* ChangePasswordViewModel.swift in Sources */ = {isa = PBXBuildFile; fileRef = A792DEC529C51EB100B1F1E7 /* ChangePasswordViewModel.swift */; };
		A792DEDA29C5212800B1F1E7 /* ChangePasswordViewModelTests.swift in Sources */ = {isa = PBXBuildFile; fileRef = A792DED929C5212800B1F1E7 /* ChangePasswordViewModelTests.swift */; };
		A792DF1429C5242C00B1F1E7 /* FirebaseAppCheck in Frameworks */ = {isa = PBXBuildFile; productRef = A792DF1329C5242C00B1F1E7 /* FirebaseAppCheck */; };
		A792DF1629C5242C00B1F1E7 /* FirebaseAuth in Frameworks */ = {isa = PBXBuildFile; productRef = A792DF1529C5242C00B1F1E7 /* FirebaseAuth */; };
		A792DF1829C5242C00B1F1E7 /* FirebaseStorage in Frameworks */ = {isa = PBXBuildFile; productRef = A792DF1729C5242C00B1F1E7 /* FirebaseStorage */; };
		A792DF1A29C5248000B1F1E7 /* SDWebImage in Frameworks */ = {isa = PBXBuildFile; productRef = A792DF1929C5248000B1F1E7 /* SDWebImage */; };
		A792DF1C29C5CCC200B1F1E7 /* MapListViewController.swift in Sources */ = {isa = PBXBuildFile; fileRef = A792DF1B29C5CCC100B1F1E7 /* MapListViewController.swift */; };
		A792DF1E29C60A8F00B1F1E7 /* MapListTableViewCell.swift in Sources */ = {isa = PBXBuildFile; fileRef = A792DF1D29C60A8F00B1F1E7 /* MapListTableViewCell.swift */; };
		A7930E26296A1031002482C2 /* ImageSlideshow in Frameworks */ = {isa = PBXBuildFile; productRef = A7930E25296A1031002482C2 /* ImageSlideshow */; };
		A7930E28296A1031002482C2 /* ImageSlideshow/SDWebImage in Frameworks */ = {isa = PBXBuildFile; productRef = A7930E27296A1031002482C2 /* ImageSlideshow/SDWebImage */; };
		A7930E2B296A2DEA002482C2 /* SkeletonView in Frameworks */ = {isa = PBXBuildFile; productRef = A7930E2A296A2DEA002482C2 /* SkeletonView */; };
		A7930E2D296A35CF002482C2 /* SkeletonService.swift in Sources */ = {isa = PBXBuildFile; fileRef = A7930E2C296A35CF002482C2 /* SkeletonService.swift */; };
		A79E496629D34BBE00765E99 /* NewConversationViewController.swift in Sources */ = {isa = PBXBuildFile; fileRef = A79E496529D34BBE00765E99 /* NewConversationViewController.swift */; };
		A7B0A5022919939E0040C462 /* UITableView + EmptyView.swift in Sources */ = {isa = PBXBuildFile; fileRef = A7B0A5012919939E0040C462 /* UITableView + EmptyView.swift */; };
		A7B3FAF7292AEB7C0003F76D /* Toast in Frameworks */ = {isa = PBXBuildFile; productRef = A7B3FAF6292AEB7C0003F76D /* Toast */; };
		A7BBFD3229193F7900F696AF /* FeedTableViewCell.swift in Sources */ = {isa = PBXBuildFile; fileRef = A7BBFD3129193F7900F696AF /* FeedTableViewCell.swift */; };
		A7BBFD34291946E800F696AF /* UILabel + Image.swift in Sources */ = {isa = PBXBuildFile; fileRef = A7BBFD33291946E800F696AF /* UILabel + Image.swift */; };
		A7BBFD3629197D5A00F696AF /* AdModel.swift in Sources */ = {isa = PBXBuildFile; fileRef = A7BBFD3529197D5A00F696AF /* AdModel.swift */; };
		A7C83F23291571EC00CFA8C9 /* StorageService.swift in Sources */ = {isa = PBXBuildFile; fileRef = A7C83F22291571EC00CFA8C9 /* StorageService.swift */; };
		A7C92D8D2958C25500268DA5 /* EditCoordinateViewController.swift in Sources */ = {isa = PBXBuildFile; fileRef = A7C92D8C2958C25500268DA5 /* EditCoordinateViewController.swift */; };
		A7C92D8F2958CE3500268DA5 /* EditLocationViewController.swift in Sources */ = {isa = PBXBuildFile; fileRef = A7C92D8E2958CE3500268DA5 /* EditLocationViewController.swift */; };
		A7C92D912959A7E900268DA5 /* EditResidentialDetailsVC.swift in Sources */ = {isa = PBXBuildFile; fileRef = A7C92D902959A7E900268DA5 /* EditResidentialDetailsVC.swift */; };
		A7C92D932959B6D600268DA5 /* EditLandDetailsVC.swift in Sources */ = {isa = PBXBuildFile; fileRef = A7C92D922959B6D600268DA5 /* EditLandDetailsVC.swift */; };
		A7C92D952959BA8B00268DA5 /* EditCommercialDetailsVC.swift in Sources */ = {isa = PBXBuildFile; fileRef = A7C92D942959BA8B00268DA5 /* EditCommercialDetailsVC.swift */; };
		A7E8F34629B60957008EC85C /* FavouriteTableViewCell.swift in Sources */ = {isa = PBXBuildFile; fileRef = A7E8F34529B60957008EC85C /* FavouriteTableViewCell.swift */; };
		A7F4F3FB2906E318001B5048 /* LocationViewController.swift in Sources */ = {isa = PBXBuildFile; fileRef = A7F4F3FA2906E318001B5048 /* LocationViewController.swift */; };
		A7FD2ABA28EAFC4800E48E4A /* AppDelegate.swift in Sources */ = {isa = PBXBuildFile; fileRef = A7FD2AB928EAFC4800E48E4A /* AppDelegate.swift */; };
		A7FD2ABC28EAFC4800E48E4A /* SceneDelegate.swift in Sources */ = {isa = PBXBuildFile; fileRef = A7FD2ABB28EAFC4800E48E4A /* SceneDelegate.swift */; };
		A7FD2AC328EAFC5300E48E4A /* Assets.xcassets in Resources */ = {isa = PBXBuildFile; fileRef = A7FD2AC228EAFC5300E48E4A /* Assets.xcassets */; };
		A7FD2AC628EAFC5300E48E4A /* LaunchScreen.storyboard in Resources */ = {isa = PBXBuildFile; fileRef = A7FD2AC428EAFC5300E48E4A /* LaunchScreen.storyboard */; };
		A7FFE62E29B6220C0045573A /* Date+toString.swift in Sources */ = {isa = PBXBuildFile; fileRef = A7FFE62D29B6220C0045573A /* Date+toString.swift */; };
		A7FFE63029B642B20045573A /* PriceHistoryCell.swift in Sources */ = {isa = PBXBuildFile; fileRef = A7FFE62F29B642B20045573A /* PriceHistoryCell.swift */; };
/* End PBXBuildFile section */

/* Begin PBXContainerItemProxy section */
		A792DECF29C520D800B1F1E7 /* PBXContainerItemProxy */ = {
			isa = PBXContainerItemProxy;
			containerPortal = A7FD2AAE28EAFC4700E48E4A /* Project object */;
			proxyType = 1;
			remoteGlobalIDString = A7FD2AB528EAFC4700E48E4A;
			remoteInfo = "e-emlak";
		};
/* End PBXContainerItemProxy section */

/* Begin PBXFileReference section */
		A704BA1929B37CFD009AADC6 /* FavouriteAdsViewController.swift */ = {isa = PBXFileReference; lastKnownFileType = sourcecode.swift; path = FavouriteAdsViewController.swift; sourceTree = "<group>"; };
		A704BA1C29B38C97009AADC6 /* CoreDataModel.xcdatamodel */ = {isa = PBXFileReference; lastKnownFileType = wrapper.xcdatamodel; path = CoreDataModel.xcdatamodel; sourceTree = "<group>"; };
		A704BA1E29B38F12009AADC6 /* CoreDataService.swift */ = {isa = PBXFileReference; lastKnownFileType = sourcecode.swift; path = CoreDataService.swift; sourceTree = "<group>"; };
		A72D06F92950B78700BC88A7 /* ProfileCustomButton.swift */ = {isa = PBXFileReference; lastKnownFileType = sourcecode.swift; path = ProfileCustomButton.swift; sourceTree = "<group>"; };
		A72D06FC2950FEC400BC88A7 /* ChangePasswordViewController.swift */ = {isa = PBXFileReference; lastKnownFileType = sourcecode.swift; path = ChangePasswordViewController.swift; sourceTree = "<group>"; };
		A72D06FE295110EC00BC88A7 /* UIImage + withInset.swift */ = {isa = PBXFileReference; lastKnownFileType = sourcecode.swift; path = "UIImage + withInset.swift"; sourceTree = "<group>"; };
		A72D0700295127E400BC88A7 /* EditProfileViewController.swift */ = {isa = PBXFileReference; lastKnownFileType = sourcecode.swift; path = EditProfileViewController.swift; sourceTree = "<group>"; };
		A731ECFD29C752FF00916ACE /* CustomFloatingPanelLayout.swift */ = {isa = PBXFileReference; lastKnownFileType = sourcecode.swift; path = CustomFloatingPanelLayout.swift; sourceTree = "<group>"; };
		A731ED0029D1E67200916ACE /* ChatService.swift */ = {isa = PBXFileReference; lastKnownFileType = sourcecode.swift; path = ChatService.swift; sourceTree = "<group>"; };
		A731ED0229D1FB8C00916ACE /* GoogleService-Info.plist */ = {isa = PBXFileReference; fileEncoding = 4; lastKnownFileType = text.plist.xml; path = "GoogleService-Info.plist"; sourceTree = "<group>"; };
		A731ED0F29D2208300916ACE /* ChatViewController.swift */ = {isa = PBXFileReference; lastKnownFileType = sourcecode.swift; path = ChatViewController.swift; sourceTree = "<group>"; };
		A73474EA28F0878600D2F755 /* LoginViewController.swift */ = {isa = PBXFileReference; lastKnownFileType = sourcecode.swift; path = LoginViewController.swift; sourceTree = "<group>"; };
		A73474EF28F0888400D2F755 /* ThemeColors.swift */ = {isa = PBXFileReference; lastKnownFileType = sourcecode.swift; path = ThemeColors.swift; sourceTree = "<group>"; };
		A73474F228F088F400D2F755 /* UIColor + Hex.swift */ = {isa = PBXFileReference; lastKnownFileType = sourcecode.swift; path = "UIColor + Hex.swift"; sourceTree = "<group>"; };
		A73474F428F0916A00D2F755 /* Textfield + Image.swift */ = {isa = PBXFileReference; lastKnownFileType = sourcecode.swift; path = "Textfield + Image.swift"; sourceTree = "<group>"; };
		A73474F828F097F100D2F755 /* Textfield + Underline.swift */ = {isa = PBXFileReference; lastKnownFileType = sourcecode.swift; path = "Textfield + Underline.swift"; sourceTree = "<group>"; };
		A73474FA28F0BF8F00D2F755 /* AttributedColor + String.swift */ = {isa = PBXFileReference; lastKnownFileType = sourcecode.swift; path = "AttributedColor + String.swift"; sourceTree = "<group>"; };
		A73474FD28F17BF100D2F755 /* RegisterViewController.swift */ = {isa = PBXFileReference; lastKnownFileType = sourcecode.swift; path = RegisterViewController.swift; sourceTree = "<group>"; };
		A734750928F37CD100D2F755 /* MainTabViewController.swift */ = {isa = PBXFileReference; lastKnownFileType = sourcecode.swift; path = MainTabViewController.swift; sourceTree = "<group>"; };
		A734750B28F37D1E00D2F755 /* FeedViewController.swift */ = {isa = PBXFileReference; lastKnownFileType = sourcecode.swift; path = FeedViewController.swift; sourceTree = "<group>"; };
		A734750D28F37D5C00D2F755 /* ConversationsViewController.swift */ = {isa = PBXFileReference; lastKnownFileType = sourcecode.swift; path = ConversationsViewController.swift; sourceTree = "<group>"; };
		A734750F28F37D7200D2F755 /* ProfileViewController.swift */ = {isa = PBXFileReference; lastKnownFileType = sourcecode.swift; path = ProfileViewController.swift; sourceTree = "<group>"; };
		A734751128F37D8300D2F755 /* MyFeedViewController.swift */ = {isa = PBXFileReference; lastKnownFileType = sourcecode.swift; path = MyFeedViewController.swift; sourceTree = "<group>"; };
		A734751328F3803D00D2F755 /* UIView + Anchor.swift */ = {isa = PBXFileReference; lastKnownFileType = sourcecode.swift; path = "UIView + Anchor.swift"; sourceTree = "<group>"; };
		A734751528F4260500D2F755 /* String + isValidEmail.swift */ = {isa = PBXFileReference; lastKnownFileType = sourcecode.swift; path = "String + isValidEmail.swift"; sourceTree = "<group>"; };
		A734751728F4944000D2F755 /* UIView + HideKeyboard.swift */ = {isa = PBXFileReference; lastKnownFileType = sourcecode.swift; path = "UIView + HideKeyboard.swift"; sourceTree = "<group>"; };
		A734751A28F8194E00D2F755 /* ResetPasswordViewController.swift */ = {isa = PBXFileReference; lastKnownFileType = sourcecode.swift; path = ResetPasswordViewController.swift; sourceTree = "<group>"; };
		A734752228FAF27200D2F755 /* AuthService.swift */ = {isa = PBXFileReference; lastKnownFileType = sourcecode.swift; path = AuthService.swift; sourceTree = "<group>"; };
		A734752428FEB2D200D2F755 /* UIImage + Url.swift */ = {isa = PBXFileReference; lastKnownFileType = sourcecode.swift; path = "UIImage + Url.swift"; sourceTree = "<group>"; };
		A734752629019C4A00D2F755 /* UserService.swift */ = {isa = PBXFileReference; lastKnownFileType = sourcecode.swift; path = UserService.swift; sourceTree = "<group>"; };
		A73475282901A05600D2F755 /* User.swift */ = {isa = PBXFileReference; lastKnownFileType = sourcecode.swift; path = User.swift; sourceTree = "<group>"; };
		A734752F29040B1100D2F755 /* EstateTypeViewController.swift */ = {isa = PBXFileReference; lastKnownFileType = sourcecode.swift; path = EstateTypeViewController.swift; sourceTree = "<group>"; };
		A73475352905ECD100D2F755 /* UITextView + setPlaceHolder.swift */ = {isa = PBXFileReference; lastKnownFileType = sourcecode.swift; path = "UITextView + setPlaceHolder.swift"; sourceTree = "<group>"; };
		A73475372906D7B300D2F755 /* CityModel.swift */ = {isa = PBXFileReference; lastKnownFileType = sourcecode.swift; path = CityModel.swift; sourceTree = "<group>"; };
		A73475392906D8E000D2F755 /* data.json */ = {isa = PBXFileReference; fileEncoding = 4; lastKnownFileType = text.json; path = data.json; sourceTree = "<group>"; };
		A734753B2906DE4D00D2F755 /* DataLoader.swift */ = {isa = PBXFileReference; lastKnownFileType = sourcecode.swift; path = DataLoader.swift; sourceTree = "<group>"; };
		A753DE8529BF60DE000ACF75 /* MapModeViewController.swift */ = {isa = PBXFileReference; lastKnownFileType = sourcecode.swift; path = MapModeViewController.swift; sourceTree = "<group>"; };
		A76CBAD929DB0DC2001737E5 /* ConversationsTableViewCell.swift */ = {isa = PBXFileReference; lastKnownFileType = sourcecode.swift; path = ConversationsTableViewCell.swift; sourceTree = "<group>"; };
		A76CBADB29DB25DD001737E5 /* AlertDisplayable.swift */ = {isa = PBXFileReference; lastKnownFileType = sourcecode.swift; path = AlertDisplayable.swift; sourceTree = "<group>"; };
		A77D1A89290B06E300E7D510 /* AdService.swift */ = {isa = PBXFileReference; lastKnownFileType = sourcecode.swift; path = AdService.swift; sourceTree = "<group>"; };
		A77D1A8B290C209100E7D510 /* ResidentialViewController.swift */ = {isa = PBXFileReference; lastKnownFileType = sourcecode.swift; path = ResidentialViewController.swift; sourceTree = "<group>"; };
		A77D1A8E290C242500E7D510 /* LandViewController.swift */ = {isa = PBXFileReference; lastKnownFileType = sourcecode.swift; path = LandViewController.swift; sourceTree = "<group>"; };
		A77D1A90290C245600E7D510 /* CommercialViewController.swift */ = {isa = PBXFileReference; lastKnownFileType = sourcecode.swift; path = CommercialViewController.swift; sourceTree = "<group>"; };
		A7848453290FDB870099C0F3 /* CoordinateViewController.swift */ = {isa = PBXFileReference; lastKnownFileType = sourcecode.swift; path = CoordinateViewController.swift; sourceTree = "<group>"; };
		A7848455290FE7350099C0F3 /* LocationManager.swift */ = {isa = PBXFileReference; lastKnownFileType = sourcecode.swift; path = LocationManager.swift; sourceTree = "<group>"; };
		A78757ED292BE38C00FE37A6 /* ResidentialFilterViewController.swift */ = {isa = PBXFileReference; lastKnownFileType = sourcecode.swift; path = ResidentialFilterViewController.swift; sourceTree = "<group>"; };
		A78757EF292BE39C00FE37A6 /* LandFilterViewController.swift */ = {isa = PBXFileReference; lastKnownFileType = sourcecode.swift; path = LandFilterViewController.swift; sourceTree = "<group>"; };
		A78757F1292BE3B000FE37A6 /* CommercialFilterViewController.swift */ = {isa = PBXFileReference; lastKnownFileType = sourcecode.swift; path = CommercialFilterViewController.swift; sourceTree = "<group>"; };
		A78757F3292C314E00FE37A6 /* Array + Row.swift */ = {isa = PBXFileReference; lastKnownFileType = sourcecode.swift; path = "Array + Row.swift"; sourceTree = "<group>"; };
		A78757F6293D1F3500FE37A6 /* DetailsViewController.swift */ = {isa = PBXFileReference; lastKnownFileType = sourcecode.swift; path = DetailsViewController.swift; sourceTree = "<group>"; };
		A78757F8293DEB4B00FE37A6 /* DetailsTableViewCell.swift */ = {isa = PBXFileReference; lastKnownFileType = sourcecode.swift; path = DetailsTableViewCell.swift; sourceTree = "<group>"; };
		A78757FF293E39A900FE37A6 /* DetailsCollectionViewCell.swift */ = {isa = PBXFileReference; lastKnownFileType = sourcecode.swift; path = DetailsCollectionViewCell.swift; sourceTree = "<group>"; };
		A7875801293E745B00FE37A6 /* CoordinateDetailsViewController.swift */ = {isa = PBXFileReference; lastKnownFileType = sourcecode.swift; path = CoordinateDetailsViewController.swift; sourceTree = "<group>"; };
		A7875803294651A600FE37A6 /* UIButton + addBlurEffect.swift */ = {isa = PBXFileReference; lastKnownFileType = sourcecode.swift; path = "UIButton + addBlurEffect.swift"; sourceTree = "<group>"; };
		A78758062947762200FE37A6 /* ProfileTableViewCell.swift */ = {isa = PBXFileReference; lastKnownFileType = sourcecode.swift; path = ProfileTableViewCell.swift; sourceTree = "<group>"; };
		A787580829479D6500FE37A6 /* InspectProfileViewController.swift */ = {isa = PBXFileReference; lastKnownFileType = sourcecode.swift; path = InspectProfileViewController.swift; sourceTree = "<group>"; };
		A78CFF2A292B7FAE003EAC78 /* FilterViewController.swift */ = {isa = PBXFileReference; lastKnownFileType = sourcecode.swift; path = FilterViewController.swift; sourceTree = "<group>"; };
		A78CFF2C292B8150003EAC78 /* FilteredResultViewController.swift */ = {isa = PBXFileReference; lastKnownFileType = sourcecode.swift; path = FilteredResultViewController.swift; sourceTree = "<group>"; };
		A792DEC529C51EB100B1F1E7 /* ChangePasswordViewModel.swift */ = {isa = PBXFileReference; lastKnownFileType = sourcecode.swift; path = ChangePasswordViewModel.swift; sourceTree = "<group>"; };
		A792DECB29C520D800B1F1E7 /* e-emlakTests.xctest */ = {isa = PBXFileReference; explicitFileType = wrapper.cfbundle; includeInIndex = 0; path = "e-emlakTests.xctest"; sourceTree = BUILT_PRODUCTS_DIR; };
		A792DED929C5212800B1F1E7 /* ChangePasswordViewModelTests.swift */ = {isa = PBXFileReference; lastKnownFileType = sourcecode.swift; path = ChangePasswordViewModelTests.swift; sourceTree = "<group>"; };
		A792DF1B29C5CCC100B1F1E7 /* MapListViewController.swift */ = {isa = PBXFileReference; lastKnownFileType = sourcecode.swift; path = MapListViewController.swift; sourceTree = "<group>"; };
		A792DF1D29C60A8F00B1F1E7 /* MapListTableViewCell.swift */ = {isa = PBXFileReference; lastKnownFileType = sourcecode.swift; path = MapListTableViewCell.swift; sourceTree = "<group>"; };
		A7930E2C296A35CF002482C2 /* SkeletonService.swift */ = {isa = PBXFileReference; lastKnownFileType = sourcecode.swift; path = SkeletonService.swift; sourceTree = "<group>"; };
		A79E496529D34BBE00765E99 /* NewConversationViewController.swift */ = {isa = PBXFileReference; lastKnownFileType = sourcecode.swift; path = NewConversationViewController.swift; sourceTree = "<group>"; };
		A7B0A5012919939E0040C462 /* UITableView + EmptyView.swift */ = {isa = PBXFileReference; lastKnownFileType = sourcecode.swift; path = "UITableView + EmptyView.swift"; sourceTree = "<group>"; };
		A7BBFD3129193F7900F696AF /* FeedTableViewCell.swift */ = {isa = PBXFileReference; lastKnownFileType = sourcecode.swift; path = FeedTableViewCell.swift; sourceTree = "<group>"; };
		A7BBFD33291946E800F696AF /* UILabel + Image.swift */ = {isa = PBXFileReference; lastKnownFileType = sourcecode.swift; path = "UILabel + Image.swift"; sourceTree = "<group>"; };
		A7BBFD3529197D5A00F696AF /* AdModel.swift */ = {isa = PBXFileReference; lastKnownFileType = sourcecode.swift; path = AdModel.swift; sourceTree = "<group>"; };
		A7C83F22291571EC00CFA8C9 /* StorageService.swift */ = {isa = PBXFileReference; lastKnownFileType = sourcecode.swift; path = StorageService.swift; sourceTree = "<group>"; };
		A7C92D8C2958C25500268DA5 /* EditCoordinateViewController.swift */ = {isa = PBXFileReference; lastKnownFileType = sourcecode.swift; path = EditCoordinateViewController.swift; sourceTree = "<group>"; };
		A7C92D8E2958CE3500268DA5 /* EditLocationViewController.swift */ = {isa = PBXFileReference; lastKnownFileType = sourcecode.swift; path = EditLocationViewController.swift; sourceTree = "<group>"; };
		A7C92D902959A7E900268DA5 /* EditResidentialDetailsVC.swift */ = {isa = PBXFileReference; lastKnownFileType = sourcecode.swift; path = EditResidentialDetailsVC.swift; sourceTree = "<group>"; };
		A7C92D922959B6D600268DA5 /* EditLandDetailsVC.swift */ = {isa = PBXFileReference; lastKnownFileType = sourcecode.swift; path = EditLandDetailsVC.swift; sourceTree = "<group>"; };
		A7C92D942959BA8B00268DA5 /* EditCommercialDetailsVC.swift */ = {isa = PBXFileReference; lastKnownFileType = sourcecode.swift; path = EditCommercialDetailsVC.swift; sourceTree = "<group>"; };
		A7E8F34529B60957008EC85C /* FavouriteTableViewCell.swift */ = {isa = PBXFileReference; lastKnownFileType = sourcecode.swift; path = FavouriteTableViewCell.swift; sourceTree = "<group>"; };
		A7F4F3FA2906E318001B5048 /* LocationViewController.swift */ = {isa = PBXFileReference; lastKnownFileType = sourcecode.swift; path = LocationViewController.swift; sourceTree = "<group>"; };
		A7FD2AB628EAFC4800E48E4A /* e-emlak.app */ = {isa = PBXFileReference; explicitFileType = wrapper.application; includeInIndex = 0; path = "e-emlak.app"; sourceTree = BUILT_PRODUCTS_DIR; };
		A7FD2AB928EAFC4800E48E4A /* AppDelegate.swift */ = {isa = PBXFileReference; lastKnownFileType = sourcecode.swift; path = AppDelegate.swift; sourceTree = "<group>"; };
		A7FD2ABB28EAFC4800E48E4A /* SceneDelegate.swift */ = {isa = PBXFileReference; lastKnownFileType = sourcecode.swift; path = SceneDelegate.swift; sourceTree = "<group>"; };
		A7FD2AC228EAFC5300E48E4A /* Assets.xcassets */ = {isa = PBXFileReference; lastKnownFileType = folder.assetcatalog; path = Assets.xcassets; sourceTree = "<group>"; };
		A7FD2AC528EAFC5300E48E4A /* Base */ = {isa = PBXFileReference; lastKnownFileType = file.storyboard; name = Base; path = Base.lproj/LaunchScreen.storyboard; sourceTree = "<group>"; };
		A7FD2AC728EAFC5300E48E4A /* Info.plist */ = {isa = PBXFileReference; lastKnownFileType = text.plist.xml; path = Info.plist; sourceTree = "<group>"; };
		A7FFE62D29B6220C0045573A /* Date+toString.swift */ = {isa = PBXFileReference; lastKnownFileType = sourcecode.swift; path = "Date+toString.swift"; sourceTree = "<group>"; };
		A7FFE62F29B642B20045573A /* PriceHistoryCell.swift */ = {isa = PBXFileReference; lastKnownFileType = sourcecode.swift; path = PriceHistoryCell.swift; sourceTree = "<group>"; };
/* End PBXFileReference section */

/* Begin PBXFrameworksBuildPhase section */
		A792DEC829C520D800B1F1E7 /* Frameworks */ = {
			isa = PBXFrameworksBuildPhase;
			buildActionMask = 2147483647;
			files = (
				A792DF1429C5242C00B1F1E7 /* FirebaseAppCheck in Frameworks */,
				A792DF1629C5242C00B1F1E7 /* FirebaseAuth in Frameworks */,
				A792DF1A29C5248000B1F1E7 /* SDWebImage in Frameworks */,
				A792DF1829C5242C00B1F1E7 /* FirebaseStorage in Frameworks */,
			);
			runOnlyForDeploymentPostprocessing = 0;
		};
		A7FD2AB328EAFC4700E48E4A /* Frameworks */ = {
			isa = PBXFrameworksBuildPhase;
			buildActionMask = 2147483647;
			files = (
				A7930E2B296A2DEA002482C2 /* SkeletonView in Frameworks */,
				A7930E26296A1031002482C2 /* ImageSlideshow in Frameworks */,
				A731ED0829D2099900916ACE /* RealmSwift in Frameworks */,
				A7B3FAF7292AEB7C0003F76D /* Toast in Frameworks */,
				A731ED0B29D20B8F00916ACE /* JGProgressHUD in Frameworks */,
				A764CA5828EB1DDD00772AE7 /* FirebaseDatabase in Frameworks */,
				A764CA5628EB1DDD00772AE7 /* FirebaseAuth in Frameworks */,
				A731ED0E29D20D3800916ACE /* MessageKit in Frameworks */,
				A764CA5A28EB1DDD00772AE7 /* FirebaseFirestore in Frameworks */,
				A7930E28296A1031002482C2 /* ImageSlideshow/SDWebImage in Frameworks */,
				A734752D2901B2F700D2F755 /* SDWebImage in Frameworks */,
				A764CA5E28EB1DDD00772AE7 /* FirebaseStorage in Frameworks */,
				A767A90229C50A39003CD62A /* FloatingPanel in Frameworks */,
				A764CA5C28EB1DDD00772AE7 /* FirebaseFunctions in Frameworks */,
				A731ED0629D2099900916ACE /* Realm in Frameworks */,
				A734751F28F8277F00D2F755 /* IQKeyboardManagerSwift in Frameworks */,
			);
			runOnlyForDeploymentPostprocessing = 0;
		};
/* End PBXFrameworksBuildPhase section */

/* Begin PBXGroup section */
		A72D06FB2950FE7600BC88A7 /* ButtonViewControllers */ = {
			isa = PBXGroup;
			children = (
				A72D0700295127E400BC88A7 /* EditProfileViewController.swift */,
			);
			path = ButtonViewControllers;
			sourceTree = "<group>";
		};
		A72D0702295311CD00BC88A7 /* MyFeed */ = {
			isa = PBXGroup;
			children = (
				A734751128F37D8300D2F755 /* MyFeedViewController.swift */,
				A7C92D8B2958C20400268DA5 /* EditAd */,
			);
			path = MyFeed;
			sourceTree = "<group>";
		};
		A731ECFF29D1E1C200916ACE /* Message */ = {
			isa = PBXGroup;
			children = (
				A734750D28F37D5C00D2F755 /* ConversationsViewController.swift */,
				A731ED0F29D2208300916ACE /* ChatViewController.swift */,
				A79E496529D34BBE00765E99 /* NewConversationViewController.swift */,
				A76CBAD929DB0DC2001737E5 /* ConversationsTableViewCell.swift */,
			);
			path = Message;
			sourceTree = "<group>";
		};
		A73474EE28F087B800D2F755 /* Login */ = {
			isa = PBXGroup;
			children = (
				A73474EA28F0878600D2F755 /* LoginViewController.swift */,
			);
			path = Login;
			sourceTree = "<group>";
		};
		A73474F128F088DE00D2F755 /* Extensions */ = {
			isa = PBXGroup;
			children = (
				A73474F228F088F400D2F755 /* UIColor + Hex.swift */,
				A73474F428F0916A00D2F755 /* Textfield + Image.swift */,
				A73474F828F097F100D2F755 /* Textfield + Underline.swift */,
				A73474FA28F0BF8F00D2F755 /* AttributedColor + String.swift */,
				A734751328F3803D00D2F755 /* UIView + Anchor.swift */,
				A734751528F4260500D2F755 /* String + isValidEmail.swift */,
				A734751728F4944000D2F755 /* UIView + HideKeyboard.swift */,
				A734752428FEB2D200D2F755 /* UIImage + Url.swift */,
				A73475352905ECD100D2F755 /* UITextView + setPlaceHolder.swift */,
				A7BBFD33291946E800F696AF /* UILabel + Image.swift */,
				A7B0A5012919939E0040C462 /* UITableView + EmptyView.swift */,
				A78757F3292C314E00FE37A6 /* Array + Row.swift */,
				A7875803294651A600FE37A6 /* UIButton + addBlurEffect.swift */,
				A72D06FE295110EC00BC88A7 /* UIImage + withInset.swift */,
				A7FFE62D29B6220C0045573A /* Date+toString.swift */,
			);
			path = Extensions;
			sourceTree = "<group>";
		};
		A73474FC28F17BCA00D2F755 /* Register */ = {
			isa = PBXGroup;
			children = (
				A73474FD28F17BF100D2F755 /* RegisterViewController.swift */,
			);
			path = Register;
			sourceTree = "<group>";
		};
		A734750328F37BC200D2F755 /* Utilities */ = {
			isa = PBXGroup;
			children = (
				A73474F128F088DE00D2F755 /* Extensions */,
				A76CBADB29DB25DD001737E5 /* AlertDisplayable.swift */,
			);
			path = Utilities;
			sourceTree = "<group>";
		};
		A734750428F37BC600D2F755 /* API */ = {
			isa = PBXGroup;
			children = (
				A734752228FAF27200D2F755 /* AuthService.swift */,
				A734752629019C4A00D2F755 /* UserService.swift */,
				A734753B2906DE4D00D2F755 /* DataLoader.swift */,
				A77D1A89290B06E300E7D510 /* AdService.swift */,
				A7848455290FE7350099C0F3 /* LocationManager.swift */,
				A7C83F22291571EC00CFA8C9 /* StorageService.swift */,
				A7930E2C296A35CF002482C2 /* SkeletonService.swift */,
				A704BA1E29B38F12009AADC6 /* CoreDataService.swift */,
				A731ED0029D1E67200916ACE /* ChatService.swift */,
			);
			path = API;
			sourceTree = "<group>";
		};
		A734750528F37BC900D2F755 /* Scenes */ = {
			isa = PBXGroup;
			children = (
				A792DEC429C51E1300B1F1E7 /* ChangePassword */,
				A753DE8229BF6049000ACF75 /* Map */,
				A7E8F34429B6091E008EC85C /* Favourite */,
				A73474EE28F087B800D2F755 /* Login */,
				A73474FC28F17BCA00D2F755 /* Register */,
				A734751928F8185E00D2F755 /* ResetPassword */,
				A734750928F37CD100D2F755 /* MainTabViewController.swift */,
				A7F4F3F92906E2F3001B5048 /* PostAd */,
				A7BBFD3029193F6200F696AF /* Feed */,
				A72D0702295311CD00BC88A7 /* MyFeed */,
				A78757EB292BE33B00FE37A6 /* Filter */,
				A731ECFF29D1E1C200916ACE /* Message */,
				A78757F5293D1F0E00FE37A6 /* Details */,
				A78758052947760300FE37A6 /* Profile */,
			);
			path = Scenes;
			sourceTree = "<group>";
		};
		A734750628F37BCD00D2F755 /* ViewModel */ = {
			isa = PBXGroup;
			children = (
			);
			path = ViewModel;
			sourceTree = "<group>";
		};
		A734750728F37BD000D2F755 /* View */ = {
			isa = PBXGroup;
			children = (
			);
			path = View;
			sourceTree = "<group>";
		};
		A734750828F37BD700D2F755 /* Model */ = {
			isa = PBXGroup;
			children = (
				A73475282901A05600D2F755 /* User.swift */,
				A7BBFD3529197D5A00F696AF /* AdModel.swift */,
				A73475372906D7B300D2F755 /* CityModel.swift */,
			);
			path = Model;
			sourceTree = "<group>";
		};
		A734751928F8185E00D2F755 /* ResetPassword */ = {
			isa = PBXGroup;
			children = (
				A734751A28F8194E00D2F755 /* ResetPasswordViewController.swift */,
			);
			path = ResetPassword;
			sourceTree = "<group>";
		};
		A753DE8229BF6049000ACF75 /* Map */ = {
			isa = PBXGroup;
			children = (
				A753DE8529BF60DE000ACF75 /* MapModeViewController.swift */,
				A792DF1B29C5CCC100B1F1E7 /* MapListViewController.swift */,
				A792DF1D29C60A8F00B1F1E7 /* MapListTableViewCell.swift */,
				A731ECFD29C752FF00916ACE /* CustomFloatingPanelLayout.swift */,
			);
			path = Map;
			sourceTree = "<group>";
		};
		A77D1A8D290C23F800E7D510 /* DetailsViewControllers */ = {
			isa = PBXGroup;
			children = (
				A77D1A8B290C209100E7D510 /* ResidentialViewController.swift */,
				A77D1A8E290C242500E7D510 /* LandViewController.swift */,
				A77D1A90290C245600E7D510 /* CommercialViewController.swift */,
			);
			path = DetailsViewControllers;
			sourceTree = "<group>";
		};
		A78757EB292BE33B00FE37A6 /* Filter */ = {
			isa = PBXGroup;
			children = (
				A78CFF2A292B7FAE003EAC78 /* FilterViewController.swift */,
				A78CFF2C292B8150003EAC78 /* FilteredResultViewController.swift */,
				A78757ED292BE38C00FE37A6 /* ResidentialFilterViewController.swift */,
				A78757EF292BE39C00FE37A6 /* LandFilterViewController.swift */,
				A78757F1292BE3B000FE37A6 /* CommercialFilterViewController.swift */,
			);
			path = Filter;
			sourceTree = "<group>";
		};
		A78757F5293D1F0E00FE37A6 /* Details */ = {
			isa = PBXGroup;
			children = (
				A78757F6293D1F3500FE37A6 /* DetailsViewController.swift */,
				A78757F8293DEB4B00FE37A6 /* DetailsTableViewCell.swift */,
				A78757FF293E39A900FE37A6 /* DetailsCollectionViewCell.swift */,
				A7875801293E745B00FE37A6 /* CoordinateDetailsViewController.swift */,
			);
			path = Details;
			sourceTree = "<group>";
		};
		A78758052947760300FE37A6 /* Profile */ = {
			isa = PBXGroup;
			children = (
				A734750F28F37D7200D2F755 /* ProfileViewController.swift */,
				A78758062947762200FE37A6 /* ProfileTableViewCell.swift */,
				A787580829479D6500FE37A6 /* InspectProfileViewController.swift */,
				A72D06F92950B78700BC88A7 /* ProfileCustomButton.swift */,
				A72D06FB2950FE7600BC88A7 /* ButtonViewControllers */,
			);
			path = Profile;
			sourceTree = "<group>";
		};
		A792DEC429C51E1300B1F1E7 /* ChangePassword */ = {
			isa = PBXGroup;
			children = (
				A72D06FC2950FEC400BC88A7 /* ChangePasswordViewController.swift */,
				A792DEC529C51EB100B1F1E7 /* ChangePasswordViewModel.swift */,
			);
			path = ChangePassword;
			sourceTree = "<group>";
		};
		A792DECC29C520D800B1F1E7 /* e-emlakTests */ = {
			isa = PBXGroup;
			children = (
				A792DED429C520EB00B1F1E7 /* Scenes */,
			);
			path = "e-emlakTests";
			sourceTree = "<group>";
		};
		A792DED429C520EB00B1F1E7 /* Scenes */ = {
			isa = PBXGroup;
			children = (
				A792DED729C5210600B1F1E7 /* Mocks */,
				A792DED629C520FF00B1F1E7 /* Tests */,
			);
			path = Scenes;
			sourceTree = "<group>";
		};
		A792DED629C520FF00B1F1E7 /* Tests */ = {
			isa = PBXGroup;
			children = (
				A792DED929C5212800B1F1E7 /* ChangePasswordViewModelTests.swift */,
			);
			path = Tests;
			sourceTree = "<group>";
		};
		A792DED729C5210600B1F1E7 /* Mocks */ = {
			isa = PBXGroup;
			children = (
			);
			path = Mocks;
			sourceTree = "<group>";
		};
		A792DEDC29C523ED00B1F1E7 /* Frameworks */ = {
			isa = PBXGroup;
			children = (
			);
			name = Frameworks;
			sourceTree = "<group>";
		};
		A7BBFD3029193F6200F696AF /* Feed */ = {
			isa = PBXGroup;
			children = (
				A734750B28F37D1E00D2F755 /* FeedViewController.swift */,
				A7BBFD3129193F7900F696AF /* FeedTableViewCell.swift */,
			);
			path = Feed;
			sourceTree = "<group>";
		};
		A7C92D8B2958C20400268DA5 /* EditAd */ = {
			isa = PBXGroup;
			children = (
				A7C92D8C2958C25500268DA5 /* EditCoordinateViewController.swift */,
				A7C92D8E2958CE3500268DA5 /* EditLocationViewController.swift */,
				A7C92D902959A7E900268DA5 /* EditResidentialDetailsVC.swift */,
				A7C92D922959B6D600268DA5 /* EditLandDetailsVC.swift */,
				A7C92D942959BA8B00268DA5 /* EditCommercialDetailsVC.swift */,
			);
			path = EditAd;
			sourceTree = "<group>";
		};
		A7E8F34429B6091E008EC85C /* Favourite */ = {
			isa = PBXGroup;
			children = (
				A704BA1929B37CFD009AADC6 /* FavouriteAdsViewController.swift */,
				A7E8F34529B60957008EC85C /* FavouriteTableViewCell.swift */,
				A7FFE62F29B642B20045573A /* PriceHistoryCell.swift */,
			);
			path = Favourite;
			sourceTree = "<group>";
		};
		A7F4F3F92906E2F3001B5048 /* PostAd */ = {
			isa = PBXGroup;
			children = (
				A734752F29040B1100D2F755 /* EstateTypeViewController.swift */,
				A7F4F3FA2906E318001B5048 /* LocationViewController.swift */,
				A7848453290FDB870099C0F3 /* CoordinateViewController.swift */,
				A77D1A8D290C23F800E7D510 /* DetailsViewControllers */,
			);
			path = PostAd;
			sourceTree = "<group>";
		};
		A7FD2AAD28EAFC4700E48E4A = {
			isa = PBXGroup;
			children = (
				A7FD2AB828EAFC4800E48E4A /* e-emlak */,
				A792DECC29C520D800B1F1E7 /* e-emlakTests */,
				A7FD2AB728EAFC4800E48E4A /* Products */,
				A792DEDC29C523ED00B1F1E7 /* Frameworks */,
			);
			sourceTree = "<group>";
		};
		A7FD2AB728EAFC4800E48E4A /* Products */ = {
			isa = PBXGroup;
			children = (
				A7FD2AB628EAFC4800E48E4A /* e-emlak.app */,
				A792DECB29C520D800B1F1E7 /* e-emlakTests.xctest */,
			);
			name = Products;
			sourceTree = "<group>";
		};
		A7FD2AB828EAFC4800E48E4A /* e-emlak */ = {
			isa = PBXGroup;
			children = (
				A734750828F37BD700D2F755 /* Model */,
				A734750728F37BD000D2F755 /* View */,
				A734750628F37BCD00D2F755 /* ViewModel */,
				A734750528F37BC900D2F755 /* Scenes */,
				A734750428F37BC600D2F755 /* API */,
				A734750328F37BC200D2F755 /* Utilities */,
				A7FD2AB928EAFC4800E48E4A /* AppDelegate.swift */,
				A7FD2ABB28EAFC4800E48E4A /* SceneDelegate.swift */,
				A73474EF28F0888400D2F755 /* ThemeColors.swift */,
				A73475392906D8E000D2F755 /* data.json */,
				A7FD2AC228EAFC5300E48E4A /* Assets.xcassets */,
				A7FD2AC428EAFC5300E48E4A /* LaunchScreen.storyboard */,
				A7FD2AC728EAFC5300E48E4A /* Info.plist */,
				A731ED0229D1FB8C00916ACE /* GoogleService-Info.plist */,
				A704BA1B29B38C97009AADC6 /* CoreDataModel.xcdatamodeld */,
			);
			path = "e-emlak";
			sourceTree = "<group>";
		};
/* End PBXGroup section */

/* Begin PBXNativeTarget section */
		A792DECA29C520D800B1F1E7 /* e-emlakTests */ = {
			isa = PBXNativeTarget;
			buildConfigurationList = A792DED129C520D800B1F1E7 /* Build configuration list for PBXNativeTarget "e-emlakTests" */;
			buildPhases = (
				A792DEC729C520D800B1F1E7 /* Sources */,
				A792DEC829C520D800B1F1E7 /* Frameworks */,
				A792DEC929C520D800B1F1E7 /* Resources */,
			);
			buildRules = (
			);
			dependencies = (
				A792DED029C520D800B1F1E7 /* PBXTargetDependency */,
			);
			name = "e-emlakTests";
			packageProductDependencies = (
				A792DF1329C5242C00B1F1E7 /* FirebaseAppCheck */,
				A792DF1529C5242C00B1F1E7 /* FirebaseAuth */,
				A792DF1729C5242C00B1F1E7 /* FirebaseStorage */,
				A792DF1929C5248000B1F1E7 /* SDWebImage */,
			);
			productName = "e-emlakTests";
			productReference = A792DECB29C520D800B1F1E7 /* e-emlakTests.xctest */;
			productType = "com.apple.product-type.bundle.unit-test";
		};
		A7FD2AB528EAFC4700E48E4A /* e-emlak */ = {
			isa = PBXNativeTarget;
			buildConfigurationList = A7FD2ACA28EAFC5300E48E4A /* Build configuration list for PBXNativeTarget "e-emlak" */;
			buildPhases = (
				A7FD2AB228EAFC4700E48E4A /* Sources */,
				A7FD2AB328EAFC4700E48E4A /* Frameworks */,
				A7FD2AB428EAFC4700E48E4A /* Resources */,
			);
			buildRules = (
			);
			dependencies = (
			);
			name = "e-emlak";
			packageProductDependencies = (
				A764CA5528EB1DDD00772AE7 /* FirebaseAuth */,
				A764CA5728EB1DDD00772AE7 /* FirebaseDatabase */,
				A764CA5928EB1DDD00772AE7 /* FirebaseFirestore */,
				A764CA5B28EB1DDD00772AE7 /* FirebaseFunctions */,
				A764CA5D28EB1DDD00772AE7 /* FirebaseStorage */,
				A734751E28F8277F00D2F755 /* IQKeyboardManagerSwift */,
				A734752C2901B2F700D2F755 /* SDWebImage */,
				A7B3FAF6292AEB7C0003F76D /* Toast */,
				A7930E25296A1031002482C2 /* ImageSlideshow */,
				A7930E27296A1031002482C2 /* ImageSlideshow/SDWebImage */,
				A7930E2A296A2DEA002482C2 /* SkeletonView */,
				A767A90129C50A39003CD62A /* FloatingPanel */,
				A731ED0529D2099900916ACE /* Realm */,
				A731ED0729D2099900916ACE /* RealmSwift */,
				A731ED0A29D20B8F00916ACE /* JGProgressHUD */,
				A731ED0D29D20D3800916ACE /* MessageKit */,
			);
			productName = "e-emlak";
			productReference = A7FD2AB628EAFC4800E48E4A /* e-emlak.app */;
			productType = "com.apple.product-type.application";
		};
/* End PBXNativeTarget section */

/* Begin PBXProject section */
		A7FD2AAE28EAFC4700E48E4A /* Project object */ = {
			isa = PBXProject;
			attributes = {
				BuildIndependentTargetsInParallel = 1;
				LastSwiftUpdateCheck = 1420;
				LastUpgradeCheck = 1340;
				TargetAttributes = {
					A792DECA29C520D800B1F1E7 = {
						CreatedOnToolsVersion = 14.2;
						LastSwiftMigration = 1420;
						TestTargetID = A7FD2AB528EAFC4700E48E4A;
					};
					A7FD2AB528EAFC4700E48E4A = {
						CreatedOnToolsVersion = 13.4.1;
					};
				};
			};
			buildConfigurationList = A7FD2AB128EAFC4700E48E4A /* Build configuration list for PBXProject "e-emlak" */;
			compatibilityVersion = "Xcode 13.0";
			developmentRegion = en;
			hasScannedForEncodings = 0;
			knownRegions = (
				en,
				Base,
			);
			mainGroup = A7FD2AAD28EAFC4700E48E4A;
			packageReferences = (
				A764CA5428EB1DDD00772AE7 /* XCRemoteSwiftPackageReference "firebase-ios-sdk" */,
				A734751D28F8277F00D2F755 /* XCRemoteSwiftPackageReference "IQKeyboardManager" */,
				A734752B2901B2F700D2F755 /* XCRemoteSwiftPackageReference "SDWebImage" */,
				A7B3FAF5292AEB7C0003F76D /* XCRemoteSwiftPackageReference "Toast-Swift" */,
				A7930E24296A1031002482C2 /* XCRemoteSwiftPackageReference "ImageSlideshow" */,
				A7930E29296A2DEA002482C2 /* XCRemoteSwiftPackageReference "SkeletonView" */,
				A767A90029C50A39003CD62A /* XCRemoteSwiftPackageReference "FloatingPanel" */,
				A731ED0429D2099900916ACE /* XCRemoteSwiftPackageReference "realm-swift" */,
				A731ED0929D20B8F00916ACE /* XCRemoteSwiftPackageReference "JGProgressHUD" */,
				A731ED0C29D20D3800916ACE /* XCRemoteSwiftPackageReference "MessageKit" */,
			);
			productRefGroup = A7FD2AB728EAFC4800E48E4A /* Products */;
			projectDirPath = "";
			projectRoot = "";
			targets = (
				A7FD2AB528EAFC4700E48E4A /* e-emlak */,
				A792DECA29C520D800B1F1E7 /* e-emlakTests */,
			);
		};
/* End PBXProject section */

/* Begin PBXResourcesBuildPhase section */
		A792DEC929C520D800B1F1E7 /* Resources */ = {
			isa = PBXResourcesBuildPhase;
			buildActionMask = 2147483647;
			files = (
			);
			runOnlyForDeploymentPostprocessing = 0;
		};
		A7FD2AB428EAFC4700E48E4A /* Resources */ = {
			isa = PBXResourcesBuildPhase;
			buildActionMask = 2147483647;
			files = (
				A7FD2AC628EAFC5300E48E4A /* LaunchScreen.storyboard in Resources */,
				A731ED0329D1FB8C00916ACE /* GoogleService-Info.plist in Resources */,
				A7FD2AC328EAFC5300E48E4A /* Assets.xcassets in Resources */,
				A734753A2906D8E000D2F755 /* data.json in Resources */,
			);
			runOnlyForDeploymentPostprocessing = 0;
		};
/* End PBXResourcesBuildPhase section */

/* Begin PBXSourcesBuildPhase section */
		A792DEC729C520D800B1F1E7 /* Sources */ = {
			isa = PBXSourcesBuildPhase;
			buildActionMask = 2147483647;
			files = (
				A792DEDA29C5212800B1F1E7 /* ChangePasswordViewModelTests.swift in Sources */,
			);
			runOnlyForDeploymentPostprocessing = 0;
		};
		A7FD2AB228EAFC4700E48E4A /* Sources */ = {
			isa = PBXSourcesBuildPhase;
			buildActionMask = 2147483647;
			files = (
				A78757F2292BE3B000FE37A6 /* CommercialFilterViewController.swift in Sources */,
				A734753029040B1100D2F755 /* EstateTypeViewController.swift in Sources */,
				A73474F328F088F400D2F755 /* UIColor + Hex.swift in Sources */,
				A73474F528F0916B00D2F755 /* Textfield + Image.swift in Sources */,
				A704BA1F29B38F12009AADC6 /* CoreDataService.swift in Sources */,
				A7875804294651A600FE37A6 /* UIButton + addBlurEffect.swift in Sources */,
				A704BA1D29B38C97009AADC6 /* CoreDataModel.xcdatamodeld in Sources */,
				A77D1A8A290B06E400E7D510 /* AdService.swift in Sources */,
				A734752528FEB2D300D2F755 /* UIImage + Url.swift in Sources */,
				A73474EB28F0878600D2F755 /* LoginViewController.swift in Sources */,
				A734751828F4944000D2F755 /* UIView + HideKeyboard.swift in Sources */,
				A77D1A91290C245600E7D510 /* CommercialViewController.swift in Sources */,
				A734752729019C4B00D2F755 /* UserService.swift in Sources */,
				A78757F0292BE39C00FE37A6 /* LandFilterViewController.swift in Sources */,
				A734753C2906DE4D00D2F755 /* DataLoader.swift in Sources */,
				A72D06FF295110EC00BC88A7 /* UIImage + withInset.swift in Sources */,
				A792DEC629C51EB100B1F1E7 /* ChangePasswordViewModel.swift in Sources */,
				A73475362905ECD200D2F755 /* UITextView + setPlaceHolder.swift in Sources */,
				A7875802293E745C00FE37A6 /* CoordinateDetailsViewController.swift in Sources */,
				A734751B28F8194E00D2F755 /* ResetPasswordViewController.swift in Sources */,
				A7BBFD34291946E800F696AF /* UILabel + Image.swift in Sources */,
				A7C92D912959A7E900268DA5 /* EditResidentialDetailsVC.swift in Sources */,
				A77D1A8C290C209100E7D510 /* ResidentialViewController.swift in Sources */,
				A7C92D932959B6D600268DA5 /* EditLandDetailsVC.swift in Sources */,
				A7E8F34629B60957008EC85C /* FavouriteTableViewCell.swift in Sources */,
				A734751428F3803D00D2F755 /* UIView + Anchor.swift in Sources */,
				A734752328FAF27200D2F755 /* AuthService.swift in Sources */,
				A7C92D8D2958C25500268DA5 /* EditCoordinateViewController.swift in Sources */,
				A7B0A5022919939E0040C462 /* UITableView + EmptyView.swift in Sources */,
				A753DE8629BF60DE000ACF75 /* MapModeViewController.swift in Sources */,
				A7FD2ABA28EAFC4800E48E4A /* AppDelegate.swift in Sources */,
				A734751028F37D7200D2F755 /* ProfileViewController.swift in Sources */,
				A78758072947762200FE37A6 /* ProfileTableViewCell.swift in Sources */,
				A734750E28F37D5C00D2F755 /* ConversationsViewController.swift in Sources */,
				A734750C28F37D1E00D2F755 /* FeedViewController.swift in Sources */,
				A7930E2D296A35CF002482C2 /* SkeletonService.swift in Sources */,
				A731ED0129D1E67200916ACE /* ChatService.swift in Sources */,
				A78757F7293D1F3500FE37A6 /* DetailsViewController.swift in Sources */,
				A77D1A8F290C242500E7D510 /* LandViewController.swift in Sources */,
				A78CFF2D292B8150003EAC78 /* FilteredResultViewController.swift in Sources */,
				A76CBADA29DB0DC3001737E5 /* ConversationsTableViewCell.swift in Sources */,
				A734750A28F37CD100D2F755 /* MainTabViewController.swift in Sources */,
				A78757F4292C314E00FE37A6 /* Array + Row.swift in Sources */,
				A7BBFD3229193F7900F696AF /* FeedTableViewCell.swift in Sources */,
				A72D0701295127E400BC88A7 /* EditProfileViewController.swift in Sources */,
				A7F4F3FB2906E318001B5048 /* LocationViewController.swift in Sources */,
				A7BBFD3629197D5A00F696AF /* AdModel.swift in Sources */,
				A7848454290FDB870099C0F3 /* CoordinateViewController.swift in Sources */,
				A787580929479D6600FE37A6 /* InspectProfileViewController.swift in Sources */,
				A731ECFE29C752FF00916ACE /* CustomFloatingPanelLayout.swift in Sources */,
				A7FFE62E29B6220C0045573A /* Date+toString.swift in Sources */,
				A76CBADC29DB25DD001737E5 /* AlertDisplayable.swift in Sources */,
				A7FD2ABC28EAFC4800E48E4A /* SceneDelegate.swift in Sources */,
				A734751628F4260500D2F755 /* String + isValidEmail.swift in Sources */,
				A73474FE28F17BF100D2F755 /* RegisterViewController.swift in Sources */,
				A7C92D8F2958CE3500268DA5 /* EditLocationViewController.swift in Sources */,
				A72D06FD2950FEC500BC88A7 /* ChangePasswordViewController.swift in Sources */,
				A73474FB28F0BF8F00D2F755 /* AttributedColor + String.swift in Sources */,
				A72D06FA2950B78700BC88A7 /* ProfileCustomButton.swift in Sources */,
				A73474F028F0888400D2F755 /* ThemeColors.swift in Sources */,
				A7C92D952959BA8B00268DA5 /* EditCommercialDetailsVC.swift in Sources */,
				A78757EE292BE38C00FE37A6 /* ResidentialFilterViewController.swift in Sources */,
				A7848456290FE7350099C0F3 /* LocationManager.swift in Sources */,
				A792DF1E29C60A8F00B1F1E7 /* MapListTableViewCell.swift in Sources */,
				A7875800293E39A900FE37A6 /* DetailsCollectionViewCell.swift in Sources */,
				A79E496629D34BBE00765E99 /* NewConversationViewController.swift in Sources */,
				A78CFF2B292B7FAE003EAC78 /* FilterViewController.swift in Sources */,
				A78757F9293DEB4B00FE37A6 /* DetailsTableViewCell.swift in Sources */,
				A704BA1A29B37CFD009AADC6 /* FavouriteAdsViewController.swift in Sources */,
				A7FFE63029B642B20045573A /* PriceHistoryCell.swift in Sources */,
				A7C83F23291571EC00CFA8C9 /* StorageService.swift in Sources */,
				A792DF1C29C5CCC200B1F1E7 /* MapListViewController.swift in Sources */,
				A73474F928F097F100D2F755 /* Textfield + Underline.swift in Sources */,
				A731ED1029D2208400916ACE /* ChatViewController.swift in Sources */,
				A734751228F37D8300D2F755 /* MyFeedViewController.swift in Sources */,
				A73475382906D7B300D2F755 /* CityModel.swift in Sources */,
				A73475292901A05600D2F755 /* User.swift in Sources */,
			);
			runOnlyForDeploymentPostprocessing = 0;
		};
/* End PBXSourcesBuildPhase section */

/* Begin PBXTargetDependency section */
		A792DED029C520D800B1F1E7 /* PBXTargetDependency */ = {
			isa = PBXTargetDependency;
			target = A7FD2AB528EAFC4700E48E4A /* e-emlak */;
			targetProxy = A792DECF29C520D800B1F1E7 /* PBXContainerItemProxy */;
		};
/* End PBXTargetDependency section */

/* Begin PBXVariantGroup section */
		A7FD2AC428EAFC5300E48E4A /* LaunchScreen.storyboard */ = {
			isa = PBXVariantGroup;
			children = (
				A7FD2AC528EAFC5300E48E4A /* Base */,
			);
			name = LaunchScreen.storyboard;
			sourceTree = "<group>";
		};
/* End PBXVariantGroup section */

/* Begin XCBuildConfiguration section */
		A792DED229C520D800B1F1E7 /* Debug */ = {
			isa = XCBuildConfiguration;
			buildSettings = {
				BUNDLE_LOADER = "$(TEST_HOST)";
				CLANG_CXX_LANGUAGE_STANDARD = "gnu++20";
				CLANG_ENABLE_MODULES = YES;
				CODE_SIGN_STYLE = Automatic;
				CURRENT_PROJECT_VERSION = 1;
				DEVELOPMENT_TEAM = RZB5WTQ7UH;
				GENERATE_INFOPLIST_FILE = YES;
				HEADER_SEARCH_PATHS = "";
				IPHONEOS_DEPLOYMENT_TARGET = 16.2;
				LD_RUNPATH_SEARCH_PATHS = (
					"$(inherited)",
					"@executable_path/Frameworks",
					"@loader_path/Frameworks",
				);
				MARKETING_VERSION = 1.0;
				PRODUCT_BUNDLE_IDENTIFIER = "com.hakanor.e-emlakTests";
				PRODUCT_NAME = "$(TARGET_NAME)";
				SWIFT_EMIT_LOC_STRINGS = NO;
				SWIFT_OPTIMIZATION_LEVEL = "-Onone";
				SWIFT_VERSION = 5.0;
				TARGETED_DEVICE_FAMILY = "1,2";
				TEST_HOST = "$(BUILT_PRODUCTS_DIR)/e-emlak.app/$(BUNDLE_EXECUTABLE_FOLDER_PATH)/e-emlak";
			};
			name = Debug;
		};
		A792DED329C520D800B1F1E7 /* Release */ = {
			isa = XCBuildConfiguration;
			buildSettings = {
				BUNDLE_LOADER = "$(TEST_HOST)";
				CLANG_CXX_LANGUAGE_STANDARD = "gnu++20";
				CLANG_ENABLE_MODULES = YES;
				CODE_SIGN_STYLE = Automatic;
				CURRENT_PROJECT_VERSION = 1;
				DEVELOPMENT_TEAM = RZB5WTQ7UH;
				GENERATE_INFOPLIST_FILE = YES;
				HEADER_SEARCH_PATHS = "";
				IPHONEOS_DEPLOYMENT_TARGET = 16.2;
				LD_RUNPATH_SEARCH_PATHS = (
					"$(inherited)",
					"@executable_path/Frameworks",
					"@loader_path/Frameworks",
				);
				MARKETING_VERSION = 1.0;
				PRODUCT_BUNDLE_IDENTIFIER = "com.hakanor.e-emlakTests";
				PRODUCT_NAME = "$(TARGET_NAME)";
				SWIFT_EMIT_LOC_STRINGS = NO;
				SWIFT_VERSION = 5.0;
				TARGETED_DEVICE_FAMILY = "1,2";
				TEST_HOST = "$(BUILT_PRODUCTS_DIR)/e-emlak.app/$(BUNDLE_EXECUTABLE_FOLDER_PATH)/e-emlak";
			};
			name = Release;
		};
		A7FD2AC828EAFC5300E48E4A /* Debug */ = {
			isa = XCBuildConfiguration;
			buildSettings = {
				ALWAYS_SEARCH_USER_PATHS = NO;
				CLANG_ANALYZER_NONNULL = YES;
				CLANG_ANALYZER_NUMBER_OBJECT_CONVERSION = YES_AGGRESSIVE;
				CLANG_CXX_LANGUAGE_STANDARD = "gnu++17";
				CLANG_ENABLE_MODULES = YES;
				CLANG_ENABLE_OBJC_ARC = YES;
				CLANG_ENABLE_OBJC_WEAK = YES;
				CLANG_WARN_BLOCK_CAPTURE_AUTORELEASING = YES;
				CLANG_WARN_BOOL_CONVERSION = YES;
				CLANG_WARN_COMMA = YES;
				CLANG_WARN_CONSTANT_CONVERSION = YES;
				CLANG_WARN_DEPRECATED_OBJC_IMPLEMENTATIONS = YES;
				CLANG_WARN_DIRECT_OBJC_ISA_USAGE = YES_ERROR;
				CLANG_WARN_DOCUMENTATION_COMMENTS = YES;
				CLANG_WARN_EMPTY_BODY = YES;
				CLANG_WARN_ENUM_CONVERSION = YES;
				CLANG_WARN_INFINITE_RECURSION = YES;
				CLANG_WARN_INT_CONVERSION = YES;
				CLANG_WARN_NON_LITERAL_NULL_CONVERSION = YES;
				CLANG_WARN_OBJC_IMPLICIT_RETAIN_SELF = YES;
				CLANG_WARN_OBJC_LITERAL_CONVERSION = YES;
				CLANG_WARN_OBJC_ROOT_CLASS = YES_ERROR;
				CLANG_WARN_QUOTED_INCLUDE_IN_FRAMEWORK_HEADER = YES;
				CLANG_WARN_RANGE_LOOP_ANALYSIS = YES;
				CLANG_WARN_STRICT_PROTOTYPES = YES;
				CLANG_WARN_SUSPICIOUS_MOVE = YES;
				CLANG_WARN_UNGUARDED_AVAILABILITY = YES_AGGRESSIVE;
				CLANG_WARN_UNREACHABLE_CODE = YES;
				CLANG_WARN__DUPLICATE_METHOD_MATCH = YES;
				COPY_PHASE_STRIP = NO;
				DEBUG_INFORMATION_FORMAT = dwarf;
				ENABLE_STRICT_OBJC_MSGSEND = YES;
				ENABLE_TESTABILITY = YES;
				GCC_C_LANGUAGE_STANDARD = gnu11;
				GCC_DYNAMIC_NO_PIC = NO;
				GCC_NO_COMMON_BLOCKS = YES;
				GCC_OPTIMIZATION_LEVEL = 0;
				GCC_PREPROCESSOR_DEFINITIONS = (
					"DEBUG=1",
					"$(inherited)",
				);
				GCC_WARN_64_TO_32_BIT_CONVERSION = YES;
				GCC_WARN_ABOUT_RETURN_TYPE = YES_ERROR;
				GCC_WARN_UNDECLARED_SELECTOR = YES;
				GCC_WARN_UNINITIALIZED_AUTOS = YES_AGGRESSIVE;
				GCC_WARN_UNUSED_FUNCTION = YES;
				GCC_WARN_UNUSED_VARIABLE = YES;
				IPHONEOS_DEPLOYMENT_TARGET = 15.5;
				MTL_ENABLE_DEBUG_INFO = INCLUDE_SOURCE;
				MTL_FAST_MATH = YES;
				ONLY_ACTIVE_ARCH = YES;
				SDKROOT = iphoneos;
				SWIFT_ACTIVE_COMPILATION_CONDITIONS = DEBUG;
				SWIFT_OPTIMIZATION_LEVEL = "-Onone";
			};
			name = Debug;
		};
		A7FD2AC928EAFC5300E48E4A /* Release */ = {
			isa = XCBuildConfiguration;
			buildSettings = {
				ALWAYS_SEARCH_USER_PATHS = NO;
				CLANG_ANALYZER_NONNULL = YES;
				CLANG_ANALYZER_NUMBER_OBJECT_CONVERSION = YES_AGGRESSIVE;
				CLANG_CXX_LANGUAGE_STANDARD = "gnu++17";
				CLANG_ENABLE_MODULES = YES;
				CLANG_ENABLE_OBJC_ARC = YES;
				CLANG_ENABLE_OBJC_WEAK = YES;
				CLANG_WARN_BLOCK_CAPTURE_AUTORELEASING = YES;
				CLANG_WARN_BOOL_CONVERSION = YES;
				CLANG_WARN_COMMA = YES;
				CLANG_WARN_CONSTANT_CONVERSION = YES;
				CLANG_WARN_DEPRECATED_OBJC_IMPLEMENTATIONS = YES;
				CLANG_WARN_DIRECT_OBJC_ISA_USAGE = YES_ERROR;
				CLANG_WARN_DOCUMENTATION_COMMENTS = YES;
				CLANG_WARN_EMPTY_BODY = YES;
				CLANG_WARN_ENUM_CONVERSION = YES;
				CLANG_WARN_INFINITE_RECURSION = YES;
				CLANG_WARN_INT_CONVERSION = YES;
				CLANG_WARN_NON_LITERAL_NULL_CONVERSION = YES;
				CLANG_WARN_OBJC_IMPLICIT_RETAIN_SELF = YES;
				CLANG_WARN_OBJC_LITERAL_CONVERSION = YES;
				CLANG_WARN_OBJC_ROOT_CLASS = YES_ERROR;
				CLANG_WARN_QUOTED_INCLUDE_IN_FRAMEWORK_HEADER = YES;
				CLANG_WARN_RANGE_LOOP_ANALYSIS = YES;
				CLANG_WARN_STRICT_PROTOTYPES = YES;
				CLANG_WARN_SUSPICIOUS_MOVE = YES;
				CLANG_WARN_UNGUARDED_AVAILABILITY = YES_AGGRESSIVE;
				CLANG_WARN_UNREACHABLE_CODE = YES;
				CLANG_WARN__DUPLICATE_METHOD_MATCH = YES;
				COPY_PHASE_STRIP = NO;
				DEBUG_INFORMATION_FORMAT = "dwarf-with-dsym";
				ENABLE_NS_ASSERTIONS = NO;
				ENABLE_STRICT_OBJC_MSGSEND = YES;
				GCC_C_LANGUAGE_STANDARD = gnu11;
				GCC_NO_COMMON_BLOCKS = YES;
				GCC_WARN_64_TO_32_BIT_CONVERSION = YES;
				GCC_WARN_ABOUT_RETURN_TYPE = YES_ERROR;
				GCC_WARN_UNDECLARED_SELECTOR = YES;
				GCC_WARN_UNINITIALIZED_AUTOS = YES_AGGRESSIVE;
				GCC_WARN_UNUSED_FUNCTION = YES;
				GCC_WARN_UNUSED_VARIABLE = YES;
				IPHONEOS_DEPLOYMENT_TARGET = 15.5;
				MTL_ENABLE_DEBUG_INFO = NO;
				MTL_FAST_MATH = YES;
				SDKROOT = iphoneos;
				SWIFT_COMPILATION_MODE = wholemodule;
				SWIFT_OPTIMIZATION_LEVEL = "-O";
				VALIDATE_PRODUCT = YES;
			};
			name = Release;
		};
		A7FD2ACB28EAFC5300E48E4A /* Debug */ = {
			isa = XCBuildConfiguration;
			buildSettings = {
				ASSETCATALOG_COMPILER_APPICON_NAME = AppIcon;
				ASSETCATALOG_COMPILER_GLOBAL_ACCENT_COLOR_NAME = AccentColor;
				CODE_SIGN_STYLE = Automatic;
				CURRENT_PROJECT_VERSION = 1;
				DEVELOPMENT_TEAM = RZB5WTQ7UH;
				GENERATE_INFOPLIST_FILE = YES;
				INFOPLIST_FILE = "e-emlak/Info.plist";
				INFOPLIST_KEY_UIApplicationSupportsIndirectInputEvents = YES;
				INFOPLIST_KEY_UILaunchStoryboardName = LaunchScreen;
				INFOPLIST_KEY_UIMainStoryboardFile = LaunchScreen;
				INFOPLIST_KEY_UISupportedInterfaceOrientations_iPad = "UIInterfaceOrientationPortrait UIInterfaceOrientationPortraitUpsideDown UIInterfaceOrientationLandscapeLeft UIInterfaceOrientationLandscapeRight";
				INFOPLIST_KEY_UISupportedInterfaceOrientations_iPhone = "UIInterfaceOrientationPortrait UIInterfaceOrientationLandscapeLeft UIInterfaceOrientationLandscapeRight";
				LD_RUNPATH_SEARCH_PATHS = (
					"$(inherited)",
					"@executable_path/Frameworks",
				);
				MARKETING_VERSION = 1.0;
				PRODUCT_BUNDLE_IDENTIFIER = "com.hakanor.e-emlak";
				PRODUCT_NAME = "$(TARGET_NAME)";
				SWIFT_EMIT_LOC_STRINGS = YES;
				SWIFT_VERSION = 5.0;
				TARGETED_DEVICE_FAMILY = "1,2";
			};
			name = Debug;
		};
		A7FD2ACC28EAFC5300E48E4A /* Release */ = {
			isa = XCBuildConfiguration;
			buildSettings = {
				ASSETCATALOG_COMPILER_APPICON_NAME = AppIcon;
				ASSETCATALOG_COMPILER_GLOBAL_ACCENT_COLOR_NAME = AccentColor;
				CODE_SIGN_STYLE = Automatic;
				CURRENT_PROJECT_VERSION = 1;
				DEVELOPMENT_TEAM = RZB5WTQ7UH;
				GENERATE_INFOPLIST_FILE = YES;
				INFOPLIST_FILE = "e-emlak/Info.plist";
				INFOPLIST_KEY_UIApplicationSupportsIndirectInputEvents = YES;
				INFOPLIST_KEY_UILaunchStoryboardName = LaunchScreen;
				INFOPLIST_KEY_UIMainStoryboardFile = LaunchScreen;
				INFOPLIST_KEY_UISupportedInterfaceOrientations_iPad = "UIInterfaceOrientationPortrait UIInterfaceOrientationPortraitUpsideDown UIInterfaceOrientationLandscapeLeft UIInterfaceOrientationLandscapeRight";
				INFOPLIST_KEY_UISupportedInterfaceOrientations_iPhone = "UIInterfaceOrientationPortrait UIInterfaceOrientationLandscapeLeft UIInterfaceOrientationLandscapeRight";
				LD_RUNPATH_SEARCH_PATHS = (
					"$(inherited)",
					"@executable_path/Frameworks",
				);
				MARKETING_VERSION = 1.0;
				PRODUCT_BUNDLE_IDENTIFIER = "com.hakanor.e-emlak";
				PRODUCT_NAME = "$(TARGET_NAME)";
				SWIFT_EMIT_LOC_STRINGS = YES;
				SWIFT_VERSION = 5.0;
				TARGETED_DEVICE_FAMILY = "1,2";
			};
			name = Release;
		};
/* End XCBuildConfiguration section */

/* Begin XCConfigurationList section */
		A792DED129C520D800B1F1E7 /* Build configuration list for PBXNativeTarget "e-emlakTests" */ = {
			isa = XCConfigurationList;
			buildConfigurations = (
				A792DED229C520D800B1F1E7 /* Debug */,
				A792DED329C520D800B1F1E7 /* Release */,
			);
			defaultConfigurationIsVisible = 0;
			defaultConfigurationName = Release;
		};
		A7FD2AB128EAFC4700E48E4A /* Build configuration list for PBXProject "e-emlak" */ = {
			isa = XCConfigurationList;
			buildConfigurations = (
				A7FD2AC828EAFC5300E48E4A /* Debug */,
				A7FD2AC928EAFC5300E48E4A /* Release */,
			);
			defaultConfigurationIsVisible = 0;
			defaultConfigurationName = Release;
		};
		A7FD2ACA28EAFC5300E48E4A /* Build configuration list for PBXNativeTarget "e-emlak" */ = {
			isa = XCConfigurationList;
			buildConfigurations = (
				A7FD2ACB28EAFC5300E48E4A /* Debug */,
				A7FD2ACC28EAFC5300E48E4A /* Release */,
			);
			defaultConfigurationIsVisible = 0;
			defaultConfigurationName = Release;
		};
/* End XCConfigurationList section */

/* Begin XCRemoteSwiftPackageReference section */
		A731ED0429D2099900916ACE /* XCRemoteSwiftPackageReference "realm-swift" */ = {
			isa = XCRemoteSwiftPackageReference;
			repositoryURL = "https://github.com/realm/realm-swift";
			requirement = {
				branch = master;
				kind = branch;
			};
		};
		A731ED0929D20B8F00916ACE /* XCRemoteSwiftPackageReference "JGProgressHUD" */ = {
			isa = XCRemoteSwiftPackageReference;
			repositoryURL = "https://github.com/JonasGessner/JGProgressHUD";
			requirement = {
				kind = upToNextMajorVersion;
				minimumVersion = 2.0.0;
			};
		};
		A731ED0C29D20D3800916ACE /* XCRemoteSwiftPackageReference "MessageKit" */ = {
			isa = XCRemoteSwiftPackageReference;
			repositoryURL = "https://github.com/MessageKit/MessageKit";
			requirement = {
				kind = upToNextMajorVersion;
				minimumVersion = 4.0.0;
			};
		};
		A734751D28F8277F00D2F755 /* XCRemoteSwiftPackageReference "IQKeyboardManager" */ = {
			isa = XCRemoteSwiftPackageReference;
			repositoryURL = "https://github.com/hackiftekhar/IQKeyboardManager.git";
			requirement = {
				branch = master;
				kind = branch;
			};
		};
		A734752B2901B2F700D2F755 /* XCRemoteSwiftPackageReference "SDWebImage" */ = {
			isa = XCRemoteSwiftPackageReference;
			repositoryURL = "https://github.com/SDWebImage/SDWebImage";
			requirement = {
				branch = master;
				kind = branch;
			};
		};
		A764CA5428EB1DDD00772AE7 /* XCRemoteSwiftPackageReference "firebase-ios-sdk" */ = {
			isa = XCRemoteSwiftPackageReference;
			repositoryURL = "https://github.com/firebase/firebase-ios-sdk";
			requirement = {
				kind = upToNextMajorVersion;
				minimumVersion = 9.0.0;
			};
		};
		A767A90029C50A39003CD62A /* XCRemoteSwiftPackageReference "FloatingPanel" */ = {
			isa = XCRemoteSwiftPackageReference;
			repositoryURL = "https://github.com/SCENEE/FloatingPanel";
			requirement = {
				kind = upToNextMajorVersion;
				minimumVersion = 2.0.0;
			};
		};
		A7930E24296A1031002482C2 /* XCRemoteSwiftPackageReference "ImageSlideshow" */ = {
			isa = XCRemoteSwiftPackageReference;
			repositoryURL = "https://github.com/zvonicek/ImageSlideshow";
			requirement = {
				branch = master;
				kind = branch;
			};
		};
		A7930E29296A2DEA002482C2 /* XCRemoteSwiftPackageReference "SkeletonView" */ = {
			isa = XCRemoteSwiftPackageReference;
			repositoryURL = "https://github.com/Juanpe/SkeletonView";
			requirement = {
				kind = upToNextMajorVersion;
				minimumVersion = 1.0.0;
			};
		};
		A7B3FAF5292AEB7C0003F76D /* XCRemoteSwiftPackageReference "Toast-Swift" */ = {
			isa = XCRemoteSwiftPackageReference;
			repositoryURL = "https://github.com/scalessec/Toast-Swift";
			requirement = {
				kind = upToNextMajorVersion;
				minimumVersion = 5.0.0;
			};
		};
/* End XCRemoteSwiftPackageReference section */

/* Begin XCSwiftPackageProductDependency section */
		A731ED0529D2099900916ACE /* Realm */ = {
			isa = XCSwiftPackageProductDependency;
			package = A731ED0429D2099900916ACE /* XCRemoteSwiftPackageReference "realm-swift" */;
			productName = Realm;
		};
		A731ED0729D2099900916ACE /* RealmSwift */ = {
			isa = XCSwiftPackageProductDependency;
			package = A731ED0429D2099900916ACE /* XCRemoteSwiftPackageReference "realm-swift" */;
			productName = RealmSwift;
		};
		A731ED0A29D20B8F00916ACE /* JGProgressHUD */ = {
			isa = XCSwiftPackageProductDependency;
			package = A731ED0929D20B8F00916ACE /* XCRemoteSwiftPackageReference "JGProgressHUD" */;
			productName = JGProgressHUD;
		};
		A731ED0D29D20D3800916ACE /* MessageKit */ = {
			isa = XCSwiftPackageProductDependency;
			package = A731ED0C29D20D3800916ACE /* XCRemoteSwiftPackageReference "MessageKit" */;
			productName = MessageKit;
		};
		A734751E28F8277F00D2F755 /* IQKeyboardManagerSwift */ = {
			isa = XCSwiftPackageProductDependency;
			package = A734751D28F8277F00D2F755 /* XCRemoteSwiftPackageReference "IQKeyboardManager" */;
			productName = IQKeyboardManagerSwift;
		};
		A734752C2901B2F700D2F755 /* SDWebImage */ = {
			isa = XCSwiftPackageProductDependency;
			package = A734752B2901B2F700D2F755 /* XCRemoteSwiftPackageReference "SDWebImage" */;
			productName = SDWebImage;
		};
		A764CA5528EB1DDD00772AE7 /* FirebaseAuth */ = {
			isa = XCSwiftPackageProductDependency;
			package = A764CA5428EB1DDD00772AE7 /* XCRemoteSwiftPackageReference "firebase-ios-sdk" */;
			productName = FirebaseAuth;
		};
		A764CA5728EB1DDD00772AE7 /* FirebaseDatabase */ = {
			isa = XCSwiftPackageProductDependency;
			package = A764CA5428EB1DDD00772AE7 /* XCRemoteSwiftPackageReference "firebase-ios-sdk" */;
			productName = FirebaseDatabase;
		};
		A764CA5928EB1DDD00772AE7 /* FirebaseFirestore */ = {
			isa = XCSwiftPackageProductDependency;
			package = A764CA5428EB1DDD00772AE7 /* XCRemoteSwiftPackageReference "firebase-ios-sdk" */;
			productName = FirebaseFirestore;
		};
		A764CA5B28EB1DDD00772AE7 /* FirebaseFunctions */ = {
			isa = XCSwiftPackageProductDependency;
			package = A764CA5428EB1DDD00772AE7 /* XCRemoteSwiftPackageReference "firebase-ios-sdk" */;
			productName = FirebaseFunctions;
		};
		A764CA5D28EB1DDD00772AE7 /* FirebaseStorage */ = {
			isa = XCSwiftPackageProductDependency;
			package = A764CA5428EB1DDD00772AE7 /* XCRemoteSwiftPackageReference "firebase-ios-sdk" */;
			productName = FirebaseStorage;
		};
		A767A90129C50A39003CD62A /* FloatingPanel */ = {
			isa = XCSwiftPackageProductDependency;
			package = A767A90029C50A39003CD62A /* XCRemoteSwiftPackageReference "FloatingPanel" */;
			productName = FloatingPanel;
		};
		A792DF1329C5242C00B1F1E7 /* FirebaseAppCheck */ = {
			isa = XCSwiftPackageProductDependency;
			package = A764CA5428EB1DDD00772AE7 /* XCRemoteSwiftPackageReference "firebase-ios-sdk" */;
			productName = FirebaseAppCheck;
		};
		A792DF1529C5242C00B1F1E7 /* FirebaseAuth */ = {
			isa = XCSwiftPackageProductDependency;
			package = A764CA5428EB1DDD00772AE7 /* XCRemoteSwiftPackageReference "firebase-ios-sdk" */;
			productName = FirebaseAuth;
		};
		A792DF1729C5242C00B1F1E7 /* FirebaseStorage */ = {
			isa = XCSwiftPackageProductDependency;
			package = A764CA5428EB1DDD00772AE7 /* XCRemoteSwiftPackageReference "firebase-ios-sdk" */;
			productName = FirebaseStorage;
		};
		A792DF1929C5248000B1F1E7 /* SDWebImage */ = {
			isa = XCSwiftPackageProductDependency;
			package = A734752B2901B2F700D2F755 /* XCRemoteSwiftPackageReference "SDWebImage" */;
			productName = SDWebImage;
		};
		A7930E25296A1031002482C2 /* ImageSlideshow */ = {
			isa = XCSwiftPackageProductDependency;
			package = A7930E24296A1031002482C2 /* XCRemoteSwiftPackageReference "ImageSlideshow" */;
			productName = ImageSlideshow;
		};
		A7930E27296A1031002482C2 /* ImageSlideshow/SDWebImage */ = {
			isa = XCSwiftPackageProductDependency;
			package = A7930E24296A1031002482C2 /* XCRemoteSwiftPackageReference "ImageSlideshow" */;
			productName = ImageSlideshow/SDWebImage;
		};
		A7930E2A296A2DEA002482C2 /* SkeletonView */ = {
			isa = XCSwiftPackageProductDependency;
			package = A7930E29296A2DEA002482C2 /* XCRemoteSwiftPackageReference "SkeletonView" */;
			productName = SkeletonView;
		};
		A7B3FAF6292AEB7C0003F76D /* Toast */ = {
			isa = XCSwiftPackageProductDependency;
			package = A7B3FAF5292AEB7C0003F76D /* XCRemoteSwiftPackageReference "Toast-Swift" */;
			productName = Toast;
		};
/* End XCSwiftPackageProductDependency section */

/* Begin XCVersionGroup section */
		A704BA1B29B38C97009AADC6 /* CoreDataModel.xcdatamodeld */ = {
			isa = XCVersionGroup;
			children = (
				A704BA1C29B38C97009AADC6 /* CoreDataModel.xcdatamodel */,
			);
			currentVersion = A704BA1C29B38C97009AADC6 /* CoreDataModel.xcdatamodel */;
			path = CoreDataModel.xcdatamodeld;
			sourceTree = "<group>";
			versionGroupType = wrapper.xcdatamodel;
		};
/* End XCVersionGroup section */
	};
	rootObject = A7FD2AAE28EAFC4700E48E4A /* Project object */;
}
