// !$*UTF8*$!
{
	archiveVersion = 1;
	classes = {
	};
	objectVersion = 55;
	objects = {

/* Begin PBXBuildFile section */
		A73474EB28F0878600D2F755 /* LoginViewController.swift in Sources */ = {isa = PBXBuildFile; fileRef = A73474EA28F0878600D2F755 /* LoginViewController.swift */; };
		A73474F028F0888400D2F755 /* ThemeColors.swift in Sources */ = {isa = PBXBuildFile; fileRef = A73474EF28F0888400D2F755 /* ThemeColors.swift */; };
		A73474F328F088F400D2F755 /* UIColor + Hex.swift in Sources */ = {isa = PBXBuildFile; fileRef = A73474F228F088F400D2F755 /* UIColor + Hex.swift */; };
		A73474F528F0916B00D2F755 /* Textfield + Image.swift in Sources */ = {isa = PBXBuildFile; fileRef = A73474F428F0916A00D2F755 /* Textfield + Image.swift */; };
		A73474F928F097F100D2F755 /* Textfield + Underline.swift in Sources */ = {isa = PBXBuildFile; fileRef = A73474F828F097F100D2F755 /* Textfield + Underline.swift */; };
		A73474FB28F0BF8F00D2F755 /* AttributedColor + String.swift in Sources */ = {isa = PBXBuildFile; fileRef = A73474FA28F0BF8F00D2F755 /* AttributedColor + String.swift */; };
		A73474FE28F17BF100D2F755 /* RegisterViewController.swift in Sources */ = {isa = PBXBuildFile; fileRef = A73474FD28F17BF100D2F755 /* RegisterViewController.swift */; };
		A734750A28F37CD100D2F755 /* MainTabViewController.swift in Sources */ = {isa = PBXBuildFile; fileRef = A734750928F37CD100D2F755 /* MainTabViewController.swift */; };
		A734750C28F37D1E00D2F755 /* FeedViewController.swift in Sources */ = {isa = PBXBuildFile; fileRef = A734750B28F37D1E00D2F755 /* FeedViewController.swift */; };
		A734750E28F37D5C00D2F755 /* ConversationsViewController.swift in Sources */ = {isa = PBXBuildFile; fileRef = A734750D28F37D5C00D2F755 /* ConversationsViewController.swift */; };
		A734751028F37D7200D2F755 /* ProfileViewController.swift in Sources */ = {isa = PBXBuildFile; fileRef = A734750F28F37D7200D2F755 /* ProfileViewController.swift */; };
		A734751228F37D8300D2F755 /* MyFeedViewController.swift in Sources */ = {isa = PBXBuildFile; fileRef = A734751128F37D8300D2F755 /* MyFeedViewController.swift */; };
		A734751428F3803D00D2F755 /* UIView + Anchor.swift in Sources */ = {isa = PBXBuildFile; fileRef = A734751328F3803D00D2F755 /* UIView + Anchor.swift */; };
		A734751628F4260500D2F755 /* String + isValidEmail.swift in Sources */ = {isa = PBXBuildFile; fileRef = A734751528F4260500D2F755 /* String + isValidEmail.swift */; };
		A734751828F4944000D2F755 /* UIView + HideKeyboard.swift in Sources */ = {isa = PBXBuildFile; fileRef = A734751728F4944000D2F755 /* UIView + HideKeyboard.swift */; };
		A734751B28F8194E00D2F755 /* ResetPasswordViewController.swift in Sources */ = {isa = PBXBuildFile; fileRef = A734751A28F8194E00D2F755 /* ResetPasswordViewController.swift */; };
		A734751F28F8277F00D2F755 /* IQKeyboardManagerSwift in Frameworks */ = {isa = PBXBuildFile; productRef = A734751E28F8277F00D2F755 /* IQKeyboardManagerSwift */; };
		A734752328FAF27200D2F755 /* AuthService.swift in Sources */ = {isa = PBXBuildFile; fileRef = A734752228FAF27200D2F755 /* AuthService.swift */; };
		A734752528FEB2D300D2F755 /* UIImage + Url.swift in Sources */ = {isa = PBXBuildFile; fileRef = A734752428FEB2D200D2F755 /* UIImage + Url.swift */; };
		A764CA5128EB1C3600772AE7 /* GoogleService-Info.plist in Resources */ = {isa = PBXBuildFile; fileRef = A764CA5028EB1C3600772AE7 /* GoogleService-Info.plist */; };
		A764CA5628EB1DDD00772AE7 /* FirebaseAuth in Frameworks */ = {isa = PBXBuildFile; productRef = A764CA5528EB1DDD00772AE7 /* FirebaseAuth */; };
		A764CA5828EB1DDD00772AE7 /* FirebaseDatabase in Frameworks */ = {isa = PBXBuildFile; productRef = A764CA5728EB1DDD00772AE7 /* FirebaseDatabase */; };
		A764CA5A28EB1DDD00772AE7 /* FirebaseFirestore in Frameworks */ = {isa = PBXBuildFile; productRef = A764CA5928EB1DDD00772AE7 /* FirebaseFirestore */; };
		A764CA5C28EB1DDD00772AE7 /* FirebaseFunctions in Frameworks */ = {isa = PBXBuildFile; productRef = A764CA5B28EB1DDD00772AE7 /* FirebaseFunctions */; };
		A764CA5E28EB1DDD00772AE7 /* FirebaseStorage in Frameworks */ = {isa = PBXBuildFile; productRef = A764CA5D28EB1DDD00772AE7 /* FirebaseStorage */; };
		A7FD2ABA28EAFC4800E48E4A /* AppDelegate.swift in Sources */ = {isa = PBXBuildFile; fileRef = A7FD2AB928EAFC4800E48E4A /* AppDelegate.swift */; };
		A7FD2ABC28EAFC4800E48E4A /* SceneDelegate.swift in Sources */ = {isa = PBXBuildFile; fileRef = A7FD2ABB28EAFC4800E48E4A /* SceneDelegate.swift */; };
		A7FD2ABE28EAFC4800E48E4A /* ViewController.swift in Sources */ = {isa = PBXBuildFile; fileRef = A7FD2ABD28EAFC4800E48E4A /* ViewController.swift */; };
		A7FD2AC328EAFC5300E48E4A /* Assets.xcassets in Resources */ = {isa = PBXBuildFile; fileRef = A7FD2AC228EAFC5300E48E4A /* Assets.xcassets */; };
		A7FD2AC628EAFC5300E48E4A /* LaunchScreen.storyboard in Resources */ = {isa = PBXBuildFile; fileRef = A7FD2AC428EAFC5300E48E4A /* LaunchScreen.storyboard */; };
/* End PBXBuildFile section */

/* Begin PBXFileReference section */
		A73474EA28F0878600D2F755 /* LoginViewController.swift */ = {isa = PBXFileReference; lastKnownFileType = sourcecode.swift; path = LoginViewController.swift; sourceTree = "<group>"; };
		A73474EF28F0888400D2F755 /* ThemeColors.swift */ = {isa = PBXFileReference; lastKnownFileType = sourcecode.swift; path = ThemeColors.swift; sourceTree = "<group>"; };
		A73474F228F088F400D2F755 /* UIColor + Hex.swift */ = {isa = PBXFileReference; lastKnownFileType = sourcecode.swift; path = "UIColor + Hex.swift"; sourceTree = "<group>"; };
		A73474F428F0916A00D2F755 /* Textfield + Image.swift */ = {isa = PBXFileReference; lastKnownFileType = sourcecode.swift; path = "Textfield + Image.swift"; sourceTree = "<group>"; };
		A73474F828F097F100D2F755 /* Textfield + Underline.swift */ = {isa = PBXFileReference; lastKnownFileType = sourcecode.swift; path = "Textfield + Underline.swift"; sourceTree = "<group>"; };
		A73474FA28F0BF8F00D2F755 /* AttributedColor + String.swift */ = {isa = PBXFileReference; lastKnownFileType = sourcecode.swift; path = "AttributedColor + String.swift"; sourceTree = "<group>"; };
		A73474FD28F17BF100D2F755 /* RegisterViewController.swift */ = {isa = PBXFileReference; lastKnownFileType = sourcecode.swift; path = RegisterViewController.swift; sourceTree = "<group>"; };
		A734750928F37CD100D2F755 /* MainTabViewController.swift */ = {isa = PBXFileReference; lastKnownFileType = sourcecode.swift; path = MainTabViewController.swift; sourceTree = "<group>"; };
		A734750B28F37D1E00D2F755 /* FeedViewController.swift */ = {isa = PBXFileReference; lastKnownFileType = sourcecode.swift; path = FeedViewController.swift; sourceTree = "<group>"; };
		A734750D28F37D5C00D2F755 /* ConversationsViewController.swift */ = {isa = PBXFileReference; lastKnownFileType = sourcecode.swift; path = ConversationsViewController.swift; sourceTree = "<group>"; };
		A734750F28F37D7200D2F755 /* ProfileViewController.swift */ = {isa = PBXFileReference; lastKnownFileType = sourcecode.swift; path = ProfileViewController.swift; sourceTree = "<group>"; };
		A734751128F37D8300D2F755 /* MyFeedViewController.swift */ = {isa = PBXFileReference; lastKnownFileType = sourcecode.swift; path = MyFeedViewController.swift; sourceTree = "<group>"; };
		A734751328F3803D00D2F755 /* UIView + Anchor.swift */ = {isa = PBXFileReference; lastKnownFileType = sourcecode.swift; path = "UIView + Anchor.swift"; sourceTree = "<group>"; };
		A734751528F4260500D2F755 /* String + isValidEmail.swift */ = {isa = PBXFileReference; lastKnownFileType = sourcecode.swift; path = "String + isValidEmail.swift"; sourceTree = "<group>"; };
		A734751728F4944000D2F755 /* UIView + HideKeyboard.swift */ = {isa = PBXFileReference; lastKnownFileType = sourcecode.swift; path = "UIView + HideKeyboard.swift"; sourceTree = "<group>"; };
		A734751A28F8194E00D2F755 /* ResetPasswordViewController.swift */ = {isa = PBXFileReference; lastKnownFileType = sourcecode.swift; path = ResetPasswordViewController.swift; sourceTree = "<group>"; };
		A734752228FAF27200D2F755 /* AuthService.swift */ = {isa = PBXFileReference; lastKnownFileType = sourcecode.swift; path = AuthService.swift; sourceTree = "<group>"; };
		A734752428FEB2D200D2F755 /* UIImage + Url.swift */ = {isa = PBXFileReference; lastKnownFileType = sourcecode.swift; path = "UIImage + Url.swift"; sourceTree = "<group>"; };
		A764CA5028EB1C3600772AE7 /* GoogleService-Info.plist */ = {isa = PBXFileReference; fileEncoding = 4; lastKnownFileType = text.plist.xml; path = "GoogleService-Info.plist"; sourceTree = "<group>"; };
		A7FD2AB628EAFC4800E48E4A /* e-emlak.app */ = {isa = PBXFileReference; explicitFileType = wrapper.application; includeInIndex = 0; path = "e-emlak.app"; sourceTree = BUILT_PRODUCTS_DIR; };
		A7FD2AB928EAFC4800E48E4A /* AppDelegate.swift */ = {isa = PBXFileReference; lastKnownFileType = sourcecode.swift; path = AppDelegate.swift; sourceTree = "<group>"; };
		A7FD2ABB28EAFC4800E48E4A /* SceneDelegate.swift */ = {isa = PBXFileReference; lastKnownFileType = sourcecode.swift; path = SceneDelegate.swift; sourceTree = "<group>"; };
		A7FD2ABD28EAFC4800E48E4A /* ViewController.swift */ = {isa = PBXFileReference; lastKnownFileType = sourcecode.swift; path = ViewController.swift; sourceTree = "<group>"; };
		A7FD2AC228EAFC5300E48E4A /* Assets.xcassets */ = {isa = PBXFileReference; lastKnownFileType = folder.assetcatalog; path = Assets.xcassets; sourceTree = "<group>"; };
		A7FD2AC528EAFC5300E48E4A /* Base */ = {isa = PBXFileReference; lastKnownFileType = file.storyboard; name = Base; path = Base.lproj/LaunchScreen.storyboard; sourceTree = "<group>"; };
		A7FD2AC728EAFC5300E48E4A /* Info.plist */ = {isa = PBXFileReference; lastKnownFileType = text.plist.xml; path = Info.plist; sourceTree = "<group>"; };
/* End PBXFileReference section */

/* Begin PBXFrameworksBuildPhase section */
		A7FD2AB328EAFC4700E48E4A /* Frameworks */ = {
			isa = PBXFrameworksBuildPhase;
			buildActionMask = 2147483647;
			files = (
				A764CA5828EB1DDD00772AE7 /* FirebaseDatabase in Frameworks */,
				A764CA5628EB1DDD00772AE7 /* FirebaseAuth in Frameworks */,
				A764CA5A28EB1DDD00772AE7 /* FirebaseFirestore in Frameworks */,
				A764CA5E28EB1DDD00772AE7 /* FirebaseStorage in Frameworks */,
				A764CA5C28EB1DDD00772AE7 /* FirebaseFunctions in Frameworks */,
				A734751F28F8277F00D2F755 /* IQKeyboardManagerSwift in Frameworks */,
			);
			runOnlyForDeploymentPostprocessing = 0;
		};
/* End PBXFrameworksBuildPhase section */

/* Begin PBXGroup section */
		A73474EE28F087B800D2F755 /* Login */ = {
			isa = PBXGroup;
			children = (
				A73474EA28F0878600D2F755 /* LoginViewController.swift */,
			);
			path = Login;
			sourceTree = "<group>";
		};
		A73474F128F088DE00D2F755 /* Extensions */ = {
			isa = PBXGroup;
			children = (
				A73474F228F088F400D2F755 /* UIColor + Hex.swift */,
				A73474F428F0916A00D2F755 /* Textfield + Image.swift */,
				A73474F828F097F100D2F755 /* Textfield + Underline.swift */,
				A73474FA28F0BF8F00D2F755 /* AttributedColor + String.swift */,
				A734751328F3803D00D2F755 /* UIView + Anchor.swift */,
				A734751528F4260500D2F755 /* String + isValidEmail.swift */,
				A734751728F4944000D2F755 /* UIView + HideKeyboard.swift */,
				A734752428FEB2D200D2F755 /* UIImage + Url.swift */,
			);
			path = Extensions;
			sourceTree = "<group>";
		};
		A73474FC28F17BCA00D2F755 /* Register */ = {
			isa = PBXGroup;
			children = (
				A73474FD28F17BF100D2F755 /* RegisterViewController.swift */,
			);
			path = Register;
			sourceTree = "<group>";
		};
		A734750328F37BC200D2F755 /* Utilities */ = {
			isa = PBXGroup;
			children = (
				A73474F128F088DE00D2F755 /* Extensions */,
			);
			path = Utilities;
			sourceTree = "<group>";
		};
		A734750428F37BC600D2F755 /* API */ = {
			isa = PBXGroup;
			children = (
				A734752228FAF27200D2F755 /* AuthService.swift */,
			);
			path = API;
			sourceTree = "<group>";
		};
		A734750528F37BC900D2F755 /* Controller */ = {
			isa = PBXGroup;
			children = (
				A7FD2ABD28EAFC4800E48E4A /* ViewController.swift */,
				A73474EE28F087B800D2F755 /* Login */,
				A73474FC28F17BCA00D2F755 /* Register */,
				A734751928F8185E00D2F755 /* ResetPassword */,
				A734750928F37CD100D2F755 /* MainTabViewController.swift */,
				A734750B28F37D1E00D2F755 /* FeedViewController.swift */,
				A734751128F37D8300D2F755 /* MyFeedViewController.swift */,
				A734750D28F37D5C00D2F755 /* ConversationsViewController.swift */,
				A734750F28F37D7200D2F755 /* ProfileViewController.swift */,
			);
			path = Controller;
			sourceTree = "<group>";
		};
		A734750628F37BCD00D2F755 /* ViewModel */ = {
			isa = PBXGroup;
			children = (
			);
			path = ViewModel;
			sourceTree = "<group>";
		};
		A734750728F37BD000D2F755 /* View */ = {
			isa = PBXGroup;
			children = (
			);
			path = View;
			sourceTree = "<group>";
		};
		A734750828F37BD700D2F755 /* Model */ = {
			isa = PBXGroup;
			children = (
			);
			path = Model;
			sourceTree = "<group>";
		};
		A734751928F8185E00D2F755 /* ResetPassword */ = {
			isa = PBXGroup;
			children = (
				A734751A28F8194E00D2F755 /* ResetPasswordViewController.swift */,
			);
			path = ResetPassword;
			sourceTree = "<group>";
		};
		A7FD2AAD28EAFC4700E48E4A = {
			isa = PBXGroup;
			children = (
				A7FD2AB828EAFC4800E48E4A /* e-emlak */,
				A7FD2AB728EAFC4800E48E4A /* Products */,
			);
			sourceTree = "<group>";
		};
		A7FD2AB728EAFC4800E48E4A /* Products */ = {
			isa = PBXGroup;
			children = (
				A7FD2AB628EAFC4800E48E4A /* e-emlak.app */,
			);
			name = Products;
			sourceTree = "<group>";
		};
		A7FD2AB828EAFC4800E48E4A /* e-emlak */ = {
			isa = PBXGroup;
			children = (
				A734750828F37BD700D2F755 /* Model */,
				A734750728F37BD000D2F755 /* View */,
				A734750628F37BCD00D2F755 /* ViewModel */,
				A734750528F37BC900D2F755 /* Controller */,
				A734750428F37BC600D2F755 /* API */,
				A734750328F37BC200D2F755 /* Utilities */,
				A7FD2AB928EAFC4800E48E4A /* AppDelegate.swift */,
				A7FD2ABB28EAFC4800E48E4A /* SceneDelegate.swift */,
				A73474EF28F0888400D2F755 /* ThemeColors.swift */,
				A7FD2AC228EAFC5300E48E4A /* Assets.xcassets */,
				A7FD2AC428EAFC5300E48E4A /* LaunchScreen.storyboard */,
				A7FD2AC728EAFC5300E48E4A /* Info.plist */,
				A764CA5028EB1C3600772AE7 /* GoogleService-Info.plist */,
			);
			path = "e-emlak";
			sourceTree = "<group>";
		};
/* End PBXGroup section */

/* Begin PBXNativeTarget section */
		A7FD2AB528EAFC4700E48E4A /* e-emlak */ = {
			isa = PBXNativeTarget;
			buildConfigurationList = A7FD2ACA28EAFC5300E48E4A /* Build configuration list for PBXNativeTarget "e-emlak" */;
			buildPhases = (
				A7FD2AB228EAFC4700E48E4A /* Sources */,
				A7FD2AB328EAFC4700E48E4A /* Frameworks */,
				A7FD2AB428EAFC4700E48E4A /* Resources */,
			);
			buildRules = (
			);
			dependencies = (
			);
			name = "e-emlak";
			packageProductDependencies = (
				A764CA5528EB1DDD00772AE7 /* FirebaseAuth */,
				A764CA5728EB1DDD00772AE7 /* FirebaseDatabase */,
				A764CA5928EB1DDD00772AE7 /* FirebaseFirestore */,
				A764CA5B28EB1DDD00772AE7 /* FirebaseFunctions */,
				A764CA5D28EB1DDD00772AE7 /* FirebaseStorage */,
				A734751E28F8277F00D2F755 /* IQKeyboardManagerSwift */,
			);
			productName = "e-emlak";
			productReference = A7FD2AB628EAFC4800E48E4A /* e-emlak.app */;
			productType = "com.apple.product-type.application";
		};
/* End PBXNativeTarget section */

/* Begin PBXProject section */
		A7FD2AAE28EAFC4700E48E4A /* Project object */ = {
			isa = PBXProject;
			attributes = {
				BuildIndependentTargetsInParallel = 1;
				LastSwiftUpdateCheck = 1340;
				LastUpgradeCheck = 1340;
				TargetAttributes = {
					A7FD2AB528EAFC4700E48E4A = {
						CreatedOnToolsVersion = 13.4.1;
					};
				};
			};
			buildConfigurationList = A7FD2AB128EAFC4700E48E4A /* Build configuration list for PBXProject "e-emlak" */;
			compatibilityVersion = "Xcode 13.0";
			developmentRegion = en;
			hasScannedForEncodings = 0;
			knownRegions = (
				en,
				Base,
			);
			mainGroup = A7FD2AAD28EAFC4700E48E4A;
			packageReferences = (
				A764CA5428EB1DDD00772AE7 /* XCRemoteSwiftPackageReference "firebase-ios-sdk" */,
				A734751D28F8277F00D2F755 /* XCRemoteSwiftPackageReference "IQKeyboardManager" */,
			);
			productRefGroup = A7FD2AB728EAFC4800E48E4A /* Products */;
			projectDirPath = "";
			projectRoot = "";
			targets = (
				A7FD2AB528EAFC4700E48E4A /* e-emlak */,
			);
		};
/* End PBXProject section */

/* Begin PBXResourcesBuildPhase section */
		A7FD2AB428EAFC4700E48E4A /* Resources */ = {
			isa = PBXResourcesBuildPhase;
			buildActionMask = 2147483647;
			files = (
				A7FD2AC628EAFC5300E48E4A /* LaunchScreen.storyboard in Resources */,
				A7FD2AC328EAFC5300E48E4A /* Assets.xcassets in Resources */,
				A764CA5128EB1C3600772AE7 /* GoogleService-Info.plist in Resources */,
			);
			runOnlyForDeploymentPostprocessing = 0;
		};
/* End PBXResourcesBuildPhase section */

/* Begin PBXSourcesBuildPhase section */
		A7FD2AB228EAFC4700E48E4A /* Sources */ = {
			isa = PBXSourcesBuildPhase;
			buildActionMask = 2147483647;
			files = (
				A73474F328F088F400D2F755 /* UIColor + Hex.swift in Sources */,
				A73474F528F0916B00D2F755 /* Textfield + Image.swift in Sources */,
				A7FD2ABE28EAFC4800E48E4A /* ViewController.swift in Sources */,
				A734752528FEB2D300D2F755 /* UIImage + Url.swift in Sources */,
				A73474EB28F0878600D2F755 /* LoginViewController.swift in Sources */,
				A734751828F4944000D2F755 /* UIView + HideKeyboard.swift in Sources */,
				A734751B28F8194E00D2F755 /* ResetPasswordViewController.swift in Sources */,
				A734751428F3803D00D2F755 /* UIView + Anchor.swift in Sources */,
				A734752328FAF27200D2F755 /* AuthService.swift in Sources */,
				A7FD2ABA28EAFC4800E48E4A /* AppDelegate.swift in Sources */,
				A734751028F37D7200D2F755 /* ProfileViewController.swift in Sources */,
				A734750E28F37D5C00D2F755 /* ConversationsViewController.swift in Sources */,
				A734750C28F37D1E00D2F755 /* FeedViewController.swift in Sources */,
				A734750A28F37CD100D2F755 /* MainTabViewController.swift in Sources */,
				A7FD2ABC28EAFC4800E48E4A /* SceneDelegate.swift in Sources */,
				A734751628F4260500D2F755 /* String + isValidEmail.swift in Sources */,
				A73474FE28F17BF100D2F755 /* RegisterViewController.swift in Sources */,
				A73474FB28F0BF8F00D2F755 /* AttributedColor + String.swift in Sources */,
				A73474F028F0888400D2F755 /* ThemeColors.swift in Sources */,
				A73474F928F097F100D2F755 /* Textfield + Underline.swift in Sources */,
				A734751228F37D8300D2F755 /* MyFeedViewController.swift in Sources */,
			);
			runOnlyForDeploymentPostprocessing = 0;
		};
/* End PBXSourcesBuildPhase section */

/* Begin PBXVariantGroup section */
		A7FD2AC428EAFC5300E48E4A /* LaunchScreen.storyboard */ = {
			isa = PBXVariantGroup;
			children = (
				A7FD2AC528EAFC5300E48E4A /* Base */,
			);
			name = LaunchScreen.storyboard;
			sourceTree = "<group>";
		};
/* End PBXVariantGroup section */

/* Begin XCBuildConfiguration section */
		A7FD2AC828EAFC5300E48E4A /* Debug */ = {
			isa = XCBuildConfiguration;
			buildSettings = {
				ALWAYS_SEARCH_USER_PATHS = NO;
				CLANG_ANALYZER_NONNULL = YES;
				CLANG_ANALYZER_NUMBER_OBJECT_CONVERSION = YES_AGGRESSIVE;
				CLANG_CXX_LANGUAGE_STANDARD = "gnu++17";
				CLANG_ENABLE_MODULES = YES;
				CLANG_ENABLE_OBJC_ARC = YES;
				CLANG_ENABLE_OBJC_WEAK = YES;
				CLANG_WARN_BLOCK_CAPTURE_AUTORELEASING = YES;
				CLANG_WARN_BOOL_CONVERSION = YES;
				CLANG_WARN_COMMA = YES;
				CLANG_WARN_CONSTANT_CONVERSION = YES;
				CLANG_WARN_DEPRECATED_OBJC_IMPLEMENTATIONS = YES;
				CLANG_WARN_DIRECT_OBJC_ISA_USAGE = YES_ERROR;
				CLANG_WARN_DOCUMENTATION_COMMENTS = YES;
				CLANG_WARN_EMPTY_BODY = YES;
				CLANG_WARN_ENUM_CONVERSION = YES;
				CLANG_WARN_INFINITE_RECURSION = YES;
				CLANG_WARN_INT_CONVERSION = YES;
				CLANG_WARN_NON_LITERAL_NULL_CONVERSION = YES;
				CLANG_WARN_OBJC_IMPLICIT_RETAIN_SELF = YES;
				CLANG_WARN_OBJC_LITERAL_CONVERSION = YES;
				CLANG_WARN_OBJC_ROOT_CLASS = YES_ERROR;
				CLANG_WARN_QUOTED_INCLUDE_IN_FRAMEWORK_HEADER = YES;
				CLANG_WARN_RANGE_LOOP_ANALYSIS = YES;
				CLANG_WARN_STRICT_PROTOTYPES = YES;
				CLANG_WARN_SUSPICIOUS_MOVE = YES;
				CLANG_WARN_UNGUARDED_AVAILABILITY = YES_AGGRESSIVE;
				CLANG_WARN_UNREACHABLE_CODE = YES;
				CLANG_WARN__DUPLICATE_METHOD_MATCH = YES;
				COPY_PHASE_STRIP = NO;
				DEBUG_INFORMATION_FORMAT = dwarf;
				ENABLE_STRICT_OBJC_MSGSEND = YES;
				ENABLE_TESTABILITY = YES;
				GCC_C_LANGUAGE_STANDARD = gnu11;
				GCC_DYNAMIC_NO_PIC = NO;
				GCC_NO_COMMON_BLOCKS = YES;
				GCC_OPTIMIZATION_LEVEL = 0;
				GCC_PREPROCESSOR_DEFINITIONS = (
					"DEBUG=1",
					"$(inherited)",
				);
				GCC_WARN_64_TO_32_BIT_CONVERSION = YES;
				GCC_WARN_ABOUT_RETURN_TYPE = YES_ERROR;
				GCC_WARN_UNDECLARED_SELECTOR = YES;
				GCC_WARN_UNINITIALIZED_AUTOS = YES_AGGRESSIVE;
				GCC_WARN_UNUSED_FUNCTION = YES;
				GCC_WARN_UNUSED_VARIABLE = YES;
				IPHONEOS_DEPLOYMENT_TARGET = 15.5;
				MTL_ENABLE_DEBUG_INFO = INCLUDE_SOURCE;
				MTL_FAST_MATH = YES;
				ONLY_ACTIVE_ARCH = YES;
				SDKROOT = iphoneos;
				SWIFT_ACTIVE_COMPILATION_CONDITIONS = DEBUG;
				SWIFT_OPTIMIZATION_LEVEL = "-Onone";
			};
			name = Debug;
		};
		A7FD2AC928EAFC5300E48E4A /* Release */ = {
			isa = XCBuildConfiguration;
			buildSettings = {
				ALWAYS_SEARCH_USER_PATHS = NO;
				CLANG_ANALYZER_NONNULL = YES;
				CLANG_ANALYZER_NUMBER_OBJECT_CONVERSION = YES_AGGRESSIVE;
				CLANG_CXX_LANGUAGE_STANDARD = "gnu++17";
				CLANG_ENABLE_MODULES = YES;
				CLANG_ENABLE_OBJC_ARC = YES;
				CLANG_ENABLE_OBJC_WEAK = YES;
				CLANG_WARN_BLOCK_CAPTURE_AUTORELEASING = YES;
				CLANG_WARN_BOOL_CONVERSION = YES;
				CLANG_WARN_COMMA = YES;
				CLANG_WARN_CONSTANT_CONVERSION = YES;
				CLANG_WARN_DEPRECATED_OBJC_IMPLEMENTATIONS = YES;
				CLANG_WARN_DIRECT_OBJC_ISA_USAGE = YES_ERROR;
				CLANG_WARN_DOCUMENTATION_COMMENTS = YES;
				CLANG_WARN_EMPTY_BODY = YES;
				CLANG_WARN_ENUM_CONVERSION = YES;
				CLANG_WARN_INFINITE_RECURSION = YES;
				CLANG_WARN_INT_CONVERSION = YES;
				CLANG_WARN_NON_LITERAL_NULL_CONVERSION = YES;
				CLANG_WARN_OBJC_IMPLICIT_RETAIN_SELF = YES;
				CLANG_WARN_OBJC_LITERAL_CONVERSION = YES;
				CLANG_WARN_OBJC_ROOT_CLASS = YES_ERROR;
				CLANG_WARN_QUOTED_INCLUDE_IN_FRAMEWORK_HEADER = YES;
				CLANG_WARN_RANGE_LOOP_ANALYSIS = YES;
				CLANG_WARN_STRICT_PROTOTYPES = YES;
				CLANG_WARN_SUSPICIOUS_MOVE = YES;
				CLANG_WARN_UNGUARDED_AVAILABILITY = YES_AGGRESSIVE;
				CLANG_WARN_UNREACHABLE_CODE = YES;
				CLANG_WARN__DUPLICATE_METHOD_MATCH = YES;
				COPY_PHASE_STRIP = NO;
				DEBUG_INFORMATION_FORMAT = "dwarf-with-dsym";
				ENABLE_NS_ASSERTIONS = NO;
				ENABLE_STRICT_OBJC_MSGSEND = YES;
				GCC_C_LANGUAGE_STANDARD = gnu11;
				GCC_NO_COMMON_BLOCKS = YES;
				GCC_WARN_64_TO_32_BIT_CONVERSION = YES;
				GCC_WARN_ABOUT_RETURN_TYPE = YES_ERROR;
				GCC_WARN_UNDECLARED_SELECTOR = YES;
				GCC_WARN_UNINITIALIZED_AUTOS = YES_AGGRESSIVE;
				GCC_WARN_UNUSED_FUNCTION = YES;
				GCC_WARN_UNUSED_VARIABLE = YES;
				IPHONEOS_DEPLOYMENT_TARGET = 15.5;
				MTL_ENABLE_DEBUG_INFO = NO;
				MTL_FAST_MATH = YES;
				SDKROOT = iphoneos;
				SWIFT_COMPILATION_MODE = wholemodule;
				SWIFT_OPTIMIZATION_LEVEL = "-O";
				VALIDATE_PRODUCT = YES;
			};
			name = Release;
		};
		A7FD2ACB28EAFC5300E48E4A /* Debug */ = {
			isa = XCBuildConfiguration;
			buildSettings = {
				ASSETCATALOG_COMPILER_APPICON_NAME = AppIcon;
				ASSETCATALOG_COMPILER_GLOBAL_ACCENT_COLOR_NAME = AccentColor;
				CODE_SIGN_STYLE = Automatic;
				CURRENT_PROJECT_VERSION = 1;
				DEVELOPMENT_TEAM = RZB5WTQ7UH;
				GENERATE_INFOPLIST_FILE = YES;
				INFOPLIST_FILE = "e-emlak/Info.plist";
				INFOPLIST_KEY_UIApplicationSupportsIndirectInputEvents = YES;
				INFOPLIST_KEY_UILaunchStoryboardName = LaunchScreen;
				INFOPLIST_KEY_UIMainStoryboardFile = LaunchScreen;
				INFOPLIST_KEY_UISupportedInterfaceOrientations_iPad = "UIInterfaceOrientationPortrait UIInterfaceOrientationPortraitUpsideDown UIInterfaceOrientationLandscapeLeft UIInterfaceOrientationLandscapeRight";
				INFOPLIST_KEY_UISupportedInterfaceOrientations_iPhone = "UIInterfaceOrientationPortrait UIInterfaceOrientationLandscapeLeft UIInterfaceOrientationLandscapeRight";
				LD_RUNPATH_SEARCH_PATHS = (
					"$(inherited)",
					"@executable_path/Frameworks",
				);
				MARKETING_VERSION = 1.0;
				PRODUCT_BUNDLE_IDENTIFIER = "com.hakanor.e-emlak";
				PRODUCT_NAME = "$(TARGET_NAME)";
				SWIFT_EMIT_LOC_STRINGS = YES;
				SWIFT_VERSION = 5.0;
				TARGETED_DEVICE_FAMILY = "1,2";
			};
			name = Debug;
		};
		A7FD2ACC28EAFC5300E48E4A /* Release */ = {
			isa = XCBuildConfiguration;
			buildSettings = {
				ASSETCATALOG_COMPILER_APPICON_NAME = AppIcon;
				ASSETCATALOG_COMPILER_GLOBAL_ACCENT_COLOR_NAME = AccentColor;
				CODE_SIGN_STYLE = Automatic;
				CURRENT_PROJECT_VERSION = 1;
				DEVELOPMENT_TEAM = RZB5WTQ7UH;
				GENERATE_INFOPLIST_FILE = YES;
				INFOPLIST_FILE = "e-emlak/Info.plist";
				INFOPLIST_KEY_UIApplicationSupportsIndirectInputEvents = YES;
				INFOPLIST_KEY_UILaunchStoryboardName = LaunchScreen;
				INFOPLIST_KEY_UIMainStoryboardFile = LaunchScreen;
				INFOPLIST_KEY_UISupportedInterfaceOrientations_iPad = "UIInterfaceOrientationPortrait UIInterfaceOrientationPortraitUpsideDown UIInterfaceOrientationLandscapeLeft UIInterfaceOrientationLandscapeRight";
				INFOPLIST_KEY_UISupportedInterfaceOrientations_iPhone = "UIInterfaceOrientationPortrait UIInterfaceOrientationLandscapeLeft UIInterfaceOrientationLandscapeRight";
				LD_RUNPATH_SEARCH_PATHS = (
					"$(inherited)",
					"@executable_path/Frameworks",
				);
				MARKETING_VERSION = 1.0;
				PRODUCT_BUNDLE_IDENTIFIER = "com.hakanor.e-emlak";
				PRODUCT_NAME = "$(TARGET_NAME)";
				SWIFT_EMIT_LOC_STRINGS = YES;
				SWIFT_VERSION = 5.0;
				TARGETED_DEVICE_FAMILY = "1,2";
			};
			name = Release;
		};
/* End XCBuildConfiguration section */

/* Begin XCConfigurationList section */
		A7FD2AB128EAFC4700E48E4A /* Build configuration list for PBXProject "e-emlak" */ = {
			isa = XCConfigurationList;
			buildConfigurations = (
				A7FD2AC828EAFC5300E48E4A /* Debug */,
				A7FD2AC928EAFC5300E48E4A /* Release */,
			);
			defaultConfigurationIsVisible = 0;
			defaultConfigurationName = Release;
		};
		A7FD2ACA28EAFC5300E48E4A /* Build configuration list for PBXNativeTarget "e-emlak" */ = {
			isa = XCConfigurationList;
			buildConfigurations = (
				A7FD2ACB28EAFC5300E48E4A /* Debug */,
				A7FD2ACC28EAFC5300E48E4A /* Release */,
			);
			defaultConfigurationIsVisible = 0;
			defaultConfigurationName = Release;
		};
/* End XCConfigurationList section */

/* Begin XCRemoteSwiftPackageReference section */
		A734751D28F8277F00D2F755 /* XCRemoteSwiftPackageReference "IQKeyboardManager" */ = {
			isa = XCRemoteSwiftPackageReference;
			repositoryURL = "https://github.com/hackiftekhar/IQKeyboardManager.git";
			requirement = {
				branch = master;
				kind = branch;
			};
		};
		A764CA5428EB1DDD00772AE7 /* XCRemoteSwiftPackageReference "firebase-ios-sdk" */ = {
			isa = XCRemoteSwiftPackageReference;
			repositoryURL = "https://github.com/firebase/firebase-ios-sdk";
			requirement = {
				kind = upToNextMajorVersion;
				minimumVersion = 9.0.0;
			};
		};
/* End XCRemoteSwiftPackageReference section */

/* Begin XCSwiftPackageProductDependency section */
		A734751E28F8277F00D2F755 /* IQKeyboardManagerSwift */ = {
			isa = XCSwiftPackageProductDependency;
			package = A734751D28F8277F00D2F755 /* XCRemoteSwiftPackageReference "IQKeyboardManager" */;
			productName = IQKeyboardManagerSwift;
		};
		A764CA5528EB1DDD00772AE7 /* FirebaseAuth */ = {
			isa = XCSwiftPackageProductDependency;
			package = A764CA5428EB1DDD00772AE7 /* XCRemoteSwiftPackageReference "firebase-ios-sdk" */;
			productName = FirebaseAuth;
		};
		A764CA5728EB1DDD00772AE7 /* FirebaseDatabase */ = {
			isa = XCSwiftPackageProductDependency;
			package = A764CA5428EB1DDD00772AE7 /* XCRemoteSwiftPackageReference "firebase-ios-sdk" */;
			productName = FirebaseDatabase;
		};
		A764CA5928EB1DDD00772AE7 /* FirebaseFirestore */ = {
			isa = XCSwiftPackageProductDependency;
			package = A764CA5428EB1DDD00772AE7 /* XCRemoteSwiftPackageReference "firebase-ios-sdk" */;
			productName = FirebaseFirestore;
		};
		A764CA5B28EB1DDD00772AE7 /* FirebaseFunctions */ = {
			isa = XCSwiftPackageProductDependency;
			package = A764CA5428EB1DDD00772AE7 /* XCRemoteSwiftPackageReference "firebase-ios-sdk" */;
			productName = FirebaseFunctions;
		};
		A764CA5D28EB1DDD00772AE7 /* FirebaseStorage */ = {
			isa = XCSwiftPackageProductDependency;
			package = A764CA5428EB1DDD00772AE7 /* XCRemoteSwiftPackageReference "firebase-ios-sdk" */;
			productName = FirebaseStorage;
		};
/* End XCSwiftPackageProductDependency section */
	};
	rootObject = A7FD2AAE28EAFC4700E48E4A /* Project object */;
}
